Microsoft Visual Studio Solution File, Format Version 11.00
# Visual Studio 2010
Project("{FAE04EC0-301F-11D3-BF4B-00C04F79EFBC}") = "Limaki.Core", "Limaki.Core\Limaki.Core.csproj", "{B28433E8-BBA2-4CB5-A7A2-10AE6AEDDFB7}"
EndProject
Project("{FAE04EC0-301F-11D3-BF4B-00C04F79EFBC}") = "Limaki.Db4o", "Limaki.db4o\Limaki.Db4o.csproj", "{0EBC08E0-30D8-4D26-ABF4-0AADFA3AF422}"
EndProject
Project("{FAE04EC0-301F-11D3-BF4B-00C04F79EFBC}") = "Limaki.Presenter", "Limaki.Presenter\Limaki.Presenter.csproj", "{5E2A280D-1F53-44E5-AAA3-6BDBA2B51094}"
EndProject
Project("{FAE04EC0-301F-11D3-BF4B-00C04F79EFBC}") = "Limaki.Tests", "Limaki.Tests\Limaki.Tests.csproj", "{B1BC3EF8-5EC7-491A-BA83-70CB38F1823F}"
EndProject
Project("{FAE04EC0-301F-11D3-BF4B-00C04F79EFBC}") = "Limaki.Presenter.Winform", "Limaki.Presenter.Winform\Limaki.Presenter.Winform.csproj", "{00330FAC-98FB-4D4B-9B58-0D73178B6D5A}"
EndProject
Project("{FAE04EC0-301F-11D3-BF4B-00C04F79EFBC}") = "Limaki.Application", "Limaki.Application\Limaki.Application.csproj", "{3B0A1799-4C0F-45A3-92EC-BE41787F8BEB}"
EndProject
Project("{FAE04EC0-301F-11D3-BF4B-00C04F79EFBC}") = "Limaki.Presenter.Resources", "Limaki.Presenter.Resources\Limaki.Presenter.Resources.csproj", "{CA6C22CA-DC4A-4F47-88DA-17C64C9BDDC4}"
EndProject
Project("{FAE04EC0-301F-11D3-BF4B-00C04F79EFBC}") = "Limaki.Presenter.WPF", "Limaki.Presenter.WPF\Limaki.Presenter.WPF.csproj", "{D04D52F0-BF12-4043-B772-DCCE92171C72}"
EndProject
Project("{FAE04EC0-301F-11D3-BF4B-00C04F79EFBC}") = "Limaki.Presenter.WPF.Test", "Limaki.Presenter.WPF.Test\Limaki.Presenter.WPF.Test.csproj", "{17704843-1114-4A18-B514-40EE4F79E313}"
EndProject
Project("{FAE04EC0-301F-11D3-BF4B-00C04F79EFBC}") = "Skybound.Gecko", "..\3rdParty\src\Skybound.GeckoFX.src.v1.9.0.0\src\Skybound.Gecko\Skybound.Gecko.csproj", "{877D1A24-2D5E-4C46-A933-FCF11EA0403B}"
EndProject
Project("{FAE04EC0-301F-11D3-BF4B-00C04F79EFBC}") = "Db4objects.Db4o-2010", "..\3rdParty\src\db4o\Db4objects.Db4o\Db4objects.Db4o-2010.csproj", "{600CD3BF-2ED2-4183-87F7-ADD78A968AE0}"
EndProject
Project("{FAE04EC0-301F-11D3-BF4B-00C04F79EFBC}") = "Db4objects.Db4o.Linq-2010", "..\3rdParty\src\db4o\Db4objects.Db4o.Linq\Db4objects.Db4o.Linq-2010.csproj", "{23531440-0922-43EB-A483-6592FFC2F093}"
EndProject
Global
	GlobalSection(SolutionConfigurationPlatforms) = preSolution
		Debug - Mono Strict|.NET = Debug - Mono Strict|.NET
		Debug - Mono Strict|Any CPU = Debug - Mono Strict|Any CPU
		Debug - Mono Strict|Mixed Platforms = Debug - Mono Strict|Mixed Platforms
		Debug - Mono Strict|x86 = Debug - Mono Strict|x86
		Debug 1.8|.NET = Debug 1.8|.NET
		Debug 1.8|Any CPU = Debug 1.8|Any CPU
		Debug 1.8|Mixed Platforms = Debug 1.8|Mixed Platforms
		Debug 1.8|x86 = Debug 1.8|x86
		Debug 1.9|.NET = Debug 1.9|.NET
		Debug 1.9|Any CPU = Debug 1.9|Any CPU
		Debug 1.9|Mixed Platforms = Debug 1.9|Mixed Platforms
		Debug 1.9|x86 = Debug 1.9|x86
		Debug|.NET = Debug|.NET
		Debug|Any CPU = Debug|Any CPU
		Debug|Mixed Platforms = Debug|Mixed Platforms
		Debug|x86 = Debug|x86
		DebugSnk|.NET = DebugSnk|.NET
		DebugSnk|Any CPU = DebugSnk|Any CPU
		DebugSnk|Mixed Platforms = DebugSnk|Mixed Platforms
		DebugSnk|x86 = DebugSnk|x86
		Release_20|.NET = Release_20|.NET
		Release_20|Any CPU = Release_20|Any CPU
		Release_20|Mixed Platforms = Release_20|Mixed Platforms
		Release_20|x86 = Release_20|x86
		Release_Mono_w_Linux|.NET = Release_Mono_w_Linux|.NET
		Release_Mono_w_Linux|Any CPU = Release_Mono_w_Linux|Any CPU
		Release_Mono_w_Linux|Mixed Platforms = Release_Mono_w_Linux|Mixed Platforms
		Release_Mono_w_Linux|x86 = Release_Mono_w_Linux|x86
		Release|.NET = Release|.NET
		Release|Any CPU = Release|Any CPU
		Release|Mixed Platforms = Release|Mixed Platforms
		Release|x86 = Release|x86
		ReleaseSnk|.NET = ReleaseSnk|.NET
		ReleaseSnk|Any CPU = ReleaseSnk|Any CPU
		ReleaseSnk|Mixed Platforms = ReleaseSnk|Mixed Platforms
		ReleaseSnk|x86 = ReleaseSnk|x86
	EndGlobalSection
	GlobalSection(ProjectConfigurationPlatforms) = postSolution
		{B28433E8-BBA2-4CB5-A7A2-10AE6AEDDFB7}.Debug - Mono Strict|.NET.ActiveCfg = Debug|Any CPU
		{B28433E8-BBA2-4CB5-A7A2-10AE6AEDDFB7}.Debug - Mono Strict|Any CPU.ActiveCfg = Debug|Any CPU
		{B28433E8-BBA2-4CB5-A7A2-10AE6AEDDFB7}.Debug - Mono Strict|Any CPU.Build.0 = Debug|Any CPU
		{B28433E8-BBA2-4CB5-A7A2-10AE6AEDDFB7}.Debug - Mono Strict|Mixed Platforms.ActiveCfg = Debug|Any CPU
		{B28433E8-BBA2-4CB5-A7A2-10AE6AEDDFB7}.Debug - Mono Strict|Mixed Platforms.Build.0 = Debug|Any CPU
		{B28433E8-BBA2-4CB5-A7A2-10AE6AEDDFB7}.Debug - Mono Strict|x86.ActiveCfg = Debug|Any CPU
		{B28433E8-BBA2-4CB5-A7A2-10AE6AEDDFB7}.Debug 1.8|.NET.ActiveCfg = Debug|Any CPU
		{B28433E8-BBA2-4CB5-A7A2-10AE6AEDDFB7}.Debug 1.8|Any CPU.ActiveCfg = Debug|Any CPU
		{B28433E8-BBA2-4CB5-A7A2-10AE6AEDDFB7}.Debug 1.8|Any CPU.Build.0 = Debug|Any CPU
		{B28433E8-BBA2-4CB5-A7A2-10AE6AEDDFB7}.Debug 1.8|Mixed Platforms.ActiveCfg = Debug|Any CPU
		{B28433E8-BBA2-4CB5-A7A2-10AE6AEDDFB7}.Debug 1.8|Mixed Platforms.Build.0 = Debug|Any CPU
		{B28433E8-BBA2-4CB5-A7A2-10AE6AEDDFB7}.Debug 1.8|x86.ActiveCfg = Debug|Any CPU
		{B28433E8-BBA2-4CB5-A7A2-10AE6AEDDFB7}.Debug 1.9|.NET.ActiveCfg = Debug|Any CPU
		{B28433E8-BBA2-4CB5-A7A2-10AE6AEDDFB7}.Debug 1.9|Any CPU.ActiveCfg = Debug|Any CPU
		{B28433E8-BBA2-4CB5-A7A2-10AE6AEDDFB7}.Debug 1.9|Any CPU.Build.0 = Debug|Any CPU
		{B28433E8-BBA2-4CB5-A7A2-10AE6AEDDFB7}.Debug 1.9|Mixed Platforms.ActiveCfg = Debug|Any CPU
		{B28433E8-BBA2-4CB5-A7A2-10AE6AEDDFB7}.Debug 1.9|Mixed Platforms.Build.0 = Debug|Any CPU
		{B28433E8-BBA2-4CB5-A7A2-10AE6AEDDFB7}.Debug 1.9|x86.ActiveCfg = Debug|Any CPU
		{B28433E8-BBA2-4CB5-A7A2-10AE6AEDDFB7}.Debug|.NET.ActiveCfg = Debug|Any CPU
		{B28433E8-BBA2-4CB5-A7A2-10AE6AEDDFB7}.Debug|Any CPU.ActiveCfg = Debug|Any CPU
		{B28433E8-BBA2-4CB5-A7A2-10AE6AEDDFB7}.Debug|Any CPU.Build.0 = Debug|Any CPU
		{B28433E8-BBA2-4CB5-A7A2-10AE6AEDDFB7}.Debug|Mixed Platforms.ActiveCfg = Debug|Any CPU
		{B28433E8-BBA2-4CB5-A7A2-10AE6AEDDFB7}.Debug|Mixed Platforms.Build.0 = Debug|Any CPU
		{B28433E8-BBA2-4CB5-A7A2-10AE6AEDDFB7}.Debug|x86.ActiveCfg = Debug|Any CPU
		{B28433E8-BBA2-4CB5-A7A2-10AE6AEDDFB7}.DebugSnk|.NET.ActiveCfg = Debug|Any CPU
		{B28433E8-BBA2-4CB5-A7A2-10AE6AEDDFB7}.DebugSnk|Any CPU.ActiveCfg = Debug|Any CPU
		{B28433E8-BBA2-4CB5-A7A2-10AE6AEDDFB7}.DebugSnk|Any CPU.Build.0 = Debug|Any CPU
		{B28433E8-BBA2-4CB5-A7A2-10AE6AEDDFB7}.DebugSnk|Mixed Platforms.ActiveCfg = Debug|Any CPU
		{B28433E8-BBA2-4CB5-A7A2-10AE6AEDDFB7}.DebugSnk|Mixed Platforms.Build.0 = Debug|Any CPU
		{B28433E8-BBA2-4CB5-A7A2-10AE6AEDDFB7}.DebugSnk|x86.ActiveCfg = Debug|Any CPU
		{B28433E8-BBA2-4CB5-A7A2-10AE6AEDDFB7}.Release_20|.NET.ActiveCfg = Release|Any CPU
		{B28433E8-BBA2-4CB5-A7A2-10AE6AEDDFB7}.Release_20|Any CPU.ActiveCfg = Release|Any CPU
		{B28433E8-BBA2-4CB5-A7A2-10AE6AEDDFB7}.Release_20|Any CPU.Build.0 = Release|Any CPU
		{B28433E8-BBA2-4CB5-A7A2-10AE6AEDDFB7}.Release_20|Mixed Platforms.ActiveCfg = Release|Any CPU
		{B28433E8-BBA2-4CB5-A7A2-10AE6AEDDFB7}.Release_20|Mixed Platforms.Build.0 = Release|Any CPU
		{B28433E8-BBA2-4CB5-A7A2-10AE6AEDDFB7}.Release_20|x86.ActiveCfg = Release|Any CPU
		{B28433E8-BBA2-4CB5-A7A2-10AE6AEDDFB7}.Release_Mono_w_Linux|.NET.ActiveCfg = Release|Any CPU
		{B28433E8-BBA2-4CB5-A7A2-10AE6AEDDFB7}.Release_Mono_w_Linux|Any CPU.ActiveCfg = Release|Any CPU
		{B28433E8-BBA2-4CB5-A7A2-10AE6AEDDFB7}.Release_Mono_w_Linux|Any CPU.Build.0 = Release|Any CPU
		{B28433E8-BBA2-4CB5-A7A2-10AE6AEDDFB7}.Release_Mono_w_Linux|Mixed Platforms.ActiveCfg = Release|Any CPU
		{B28433E8-BBA2-4CB5-A7A2-10AE6AEDDFB7}.Release_Mono_w_Linux|Mixed Platforms.Build.0 = Release|Any CPU
		{B28433E8-BBA2-4CB5-A7A2-10AE6AEDDFB7}.Release_Mono_w_Linux|x86.ActiveCfg = Release|Any CPU
		{B28433E8-BBA2-4CB5-A7A2-10AE6AEDDFB7}.Release|.NET.ActiveCfg = Release|Any CPU
		{B28433E8-BBA2-4CB5-A7A2-10AE6AEDDFB7}.Release|Any CPU.ActiveCfg = Release|Any CPU
		{B28433E8-BBA2-4CB5-A7A2-10AE6AEDDFB7}.Release|Any CPU.Build.0 = Release|Any CPU
		{B28433E8-BBA2-4CB5-A7A2-10AE6AEDDFB7}.Release|Mixed Platforms.ActiveCfg = Release|Any CPU
		{B28433E8-BBA2-4CB5-A7A2-10AE6AEDDFB7}.Release|Mixed Platforms.Build.0 = Release|Any CPU
		{B28433E8-BBA2-4CB5-A7A2-10AE6AEDDFB7}.Release|x86.ActiveCfg = Release|Any CPU
		{B28433E8-BBA2-4CB5-A7A2-10AE6AEDDFB7}.ReleaseSnk|.NET.ActiveCfg = Release|Any CPU
		{B28433E8-BBA2-4CB5-A7A2-10AE6AEDDFB7}.ReleaseSnk|Any CPU.ActiveCfg = Release|Any CPU
		{B28433E8-BBA2-4CB5-A7A2-10AE6AEDDFB7}.ReleaseSnk|Any CPU.Build.0 = Release|Any CPU
		{B28433E8-BBA2-4CB5-A7A2-10AE6AEDDFB7}.ReleaseSnk|Mixed Platforms.ActiveCfg = Release|Any CPU
		{B28433E8-BBA2-4CB5-A7A2-10AE6AEDDFB7}.ReleaseSnk|Mixed Platforms.Build.0 = Release|Any CPU
		{B28433E8-BBA2-4CB5-A7A2-10AE6AEDDFB7}.ReleaseSnk|x86.ActiveCfg = Release|Any CPU
		{0EBC08E0-30D8-4D26-ABF4-0AADFA3AF422}.Debug - Mono Strict|.NET.ActiveCfg = Debug|Any CPU
		{0EBC08E0-30D8-4D26-ABF4-0AADFA3AF422}.Debug - Mono Strict|Any CPU.ActiveCfg = Debug|Any CPU
		{0EBC08E0-30D8-4D26-ABF4-0AADFA3AF422}.Debug - Mono Strict|Any CPU.Build.0 = Debug|Any CPU
		{0EBC08E0-30D8-4D26-ABF4-0AADFA3AF422}.Debug - Mono Strict|Mixed Platforms.ActiveCfg = Debug|Any CPU
		{0EBC08E0-30D8-4D26-ABF4-0AADFA3AF422}.Debug - Mono Strict|Mixed Platforms.Build.0 = Debug|Any CPU
		{0EBC08E0-30D8-4D26-ABF4-0AADFA3AF422}.Debug - Mono Strict|x86.ActiveCfg = Debug|Any CPU
		{0EBC08E0-30D8-4D26-ABF4-0AADFA3AF422}.Debug 1.8|.NET.ActiveCfg = Debug|Any CPU
		{0EBC08E0-30D8-4D26-ABF4-0AADFA3AF422}.Debug 1.8|Any CPU.ActiveCfg = Debug|Any CPU
		{0EBC08E0-30D8-4D26-ABF4-0AADFA3AF422}.Debug 1.8|Any CPU.Build.0 = Debug|Any CPU
		{0EBC08E0-30D8-4D26-ABF4-0AADFA3AF422}.Debug 1.8|Mixed Platforms.ActiveCfg = Debug|Any CPU
		{0EBC08E0-30D8-4D26-ABF4-0AADFA3AF422}.Debug 1.8|Mixed Platforms.Build.0 = Debug|Any CPU
		{0EBC08E0-30D8-4D26-ABF4-0AADFA3AF422}.Debug 1.8|x86.ActiveCfg = Debug|Any CPU
		{0EBC08E0-30D8-4D26-ABF4-0AADFA3AF422}.Debug 1.9|.NET.ActiveCfg = Debug|Any CPU
		{0EBC08E0-30D8-4D26-ABF4-0AADFA3AF422}.Debug 1.9|Any CPU.ActiveCfg = Debug|Any CPU
		{0EBC08E0-30D8-4D26-ABF4-0AADFA3AF422}.Debug 1.9|Any CPU.Build.0 = Debug|Any CPU
		{0EBC08E0-30D8-4D26-ABF4-0AADFA3AF422}.Debug 1.9|Mixed Platforms.ActiveCfg = Debug|Any CPU
		{0EBC08E0-30D8-4D26-ABF4-0AADFA3AF422}.Debug 1.9|Mixed Platforms.Build.0 = Debug|Any CPU
		{0EBC08E0-30D8-4D26-ABF4-0AADFA3AF422}.Debug 1.9|x86.ActiveCfg = Debug|Any CPU
		{0EBC08E0-30D8-4D26-ABF4-0AADFA3AF422}.Debug|.NET.ActiveCfg = Debug|Any CPU
		{0EBC08E0-30D8-4D26-ABF4-0AADFA3AF422}.Debug|Any CPU.ActiveCfg = Debug|Any CPU
		{0EBC08E0-30D8-4D26-ABF4-0AADFA3AF422}.Debug|Any CPU.Build.0 = Debug|Any CPU
		{0EBC08E0-30D8-4D26-ABF4-0AADFA3AF422}.Debug|Mixed Platforms.ActiveCfg = Debug|Any CPU
		{0EBC08E0-30D8-4D26-ABF4-0AADFA3AF422}.Debug|Mixed Platforms.Build.0 = Debug|Any CPU
		{0EBC08E0-30D8-4D26-ABF4-0AADFA3AF422}.Debug|x86.ActiveCfg = Debug|Any CPU
		{0EBC08E0-30D8-4D26-ABF4-0AADFA3AF422}.DebugSnk|.NET.ActiveCfg = Debug|Any CPU
		{0EBC08E0-30D8-4D26-ABF4-0AADFA3AF422}.DebugSnk|Any CPU.ActiveCfg = Debug|Any CPU
		{0EBC08E0-30D8-4D26-ABF4-0AADFA3AF422}.DebugSnk|Any CPU.Build.0 = Debug|Any CPU
		{0EBC08E0-30D8-4D26-ABF4-0AADFA3AF422}.DebugSnk|Mixed Platforms.ActiveCfg = Debug|Any CPU
		{0EBC08E0-30D8-4D26-ABF4-0AADFA3AF422}.DebugSnk|Mixed Platforms.Build.0 = Debug|Any CPU
		{0EBC08E0-30D8-4D26-ABF4-0AADFA3AF422}.DebugSnk|x86.ActiveCfg = Debug|Any CPU
		{0EBC08E0-30D8-4D26-ABF4-0AADFA3AF422}.Release_20|.NET.ActiveCfg = Release|Any CPU
		{0EBC08E0-30D8-4D26-ABF4-0AADFA3AF422}.Release_20|Any CPU.ActiveCfg = Release|Any CPU
		{0EBC08E0-30D8-4D26-ABF4-0AADFA3AF422}.Release_20|Any CPU.Build.0 = Release|Any CPU
		{0EBC08E0-30D8-4D26-ABF4-0AADFA3AF422}.Release_20|Mixed Platforms.ActiveCfg = Release|Any CPU
		{0EBC08E0-30D8-4D26-ABF4-0AADFA3AF422}.Release_20|Mixed Platforms.Build.0 = Release|Any CPU
		{0EBC08E0-30D8-4D26-ABF4-0AADFA3AF422}.Release_20|x86.ActiveCfg = Release|Any CPU
		{0EBC08E0-30D8-4D26-ABF4-0AADFA3AF422}.Release_Mono_w_Linux|.NET.ActiveCfg = Release|Any CPU
		{0EBC08E0-30D8-4D26-ABF4-0AADFA3AF422}.Release_Mono_w_Linux|Any CPU.ActiveCfg = Release|Any CPU
		{0EBC08E0-30D8-4D26-ABF4-0AADFA3AF422}.Release_Mono_w_Linux|Any CPU.Build.0 = Release|Any CPU
		{0EBC08E0-30D8-4D26-ABF4-0AADFA3AF422}.Release_Mono_w_Linux|Mixed Platforms.ActiveCfg = Release|Any CPU
		{0EBC08E0-30D8-4D26-ABF4-0AADFA3AF422}.Release_Mono_w_Linux|Mixed Platforms.Build.0 = Release|Any CPU
		{0EBC08E0-30D8-4D26-ABF4-0AADFA3AF422}.Release_Mono_w_Linux|x86.ActiveCfg = Release|Any CPU
		{0EBC08E0-30D8-4D26-ABF4-0AADFA3AF422}.Release|.NET.ActiveCfg = Release|Any CPU
		{0EBC08E0-30D8-4D26-ABF4-0AADFA3AF422}.Release|Any CPU.ActiveCfg = Release|Any CPU
		{0EBC08E0-30D8-4D26-ABF4-0AADFA3AF422}.Release|Any CPU.Build.0 = Release|Any CPU
		{0EBC08E0-30D8-4D26-ABF4-0AADFA3AF422}.Release|Mixed Platforms.ActiveCfg = Release|Any CPU
		{0EBC08E0-30D8-4D26-ABF4-0AADFA3AF422}.Release|Mixed Platforms.Build.0 = Release|Any CPU
		{0EBC08E0-30D8-4D26-ABF4-0AADFA3AF422}.Release|x86.ActiveCfg = Release|Any CPU
		{0EBC08E0-30D8-4D26-ABF4-0AADFA3AF422}.ReleaseSnk|.NET.ActiveCfg = Release|Any CPU
		{0EBC08E0-30D8-4D26-ABF4-0AADFA3AF422}.ReleaseSnk|Any CPU.ActiveCfg = Release|Any CPU
		{0EBC08E0-30D8-4D26-ABF4-0AADFA3AF422}.ReleaseSnk|Any CPU.Build.0 = Release|Any CPU
		{0EBC08E0-30D8-4D26-ABF4-0AADFA3AF422}.ReleaseSnk|Mixed Platforms.ActiveCfg = Release|Any CPU
		{0EBC08E0-30D8-4D26-ABF4-0AADFA3AF422}.ReleaseSnk|Mixed Platforms.Build.0 = Release|Any CPU
		{0EBC08E0-30D8-4D26-ABF4-0AADFA3AF422}.ReleaseSnk|x86.ActiveCfg = Release|Any CPU
		{5E2A280D-1F53-44E5-AAA3-6BDBA2B51094}.Debug - Mono Strict|.NET.ActiveCfg = Debug|Any CPU
		{5E2A280D-1F53-44E5-AAA3-6BDBA2B51094}.Debug - Mono Strict|Any CPU.ActiveCfg = Debug|Any CPU
		{5E2A280D-1F53-44E5-AAA3-6BDBA2B51094}.Debug - Mono Strict|Any CPU.Build.0 = Debug|Any CPU
		{5E2A280D-1F53-44E5-AAA3-6BDBA2B51094}.Debug - Mono Strict|Mixed Platforms.ActiveCfg = Debug|Any CPU
		{5E2A280D-1F53-44E5-AAA3-6BDBA2B51094}.Debug - Mono Strict|Mixed Platforms.Build.0 = Debug|Any CPU
		{5E2A280D-1F53-44E5-AAA3-6BDBA2B51094}.Debug - Mono Strict|x86.ActiveCfg = Debug|Any CPU
		{5E2A280D-1F53-44E5-AAA3-6BDBA2B51094}.Debug 1.8|.NET.ActiveCfg = Debug|Any CPU
		{5E2A280D-1F53-44E5-AAA3-6BDBA2B51094}.Debug 1.8|Any CPU.ActiveCfg = Debug|Any CPU
		{5E2A280D-1F53-44E5-AAA3-6BDBA2B51094}.Debug 1.8|Any CPU.Build.0 = Debug|Any CPU
		{5E2A280D-1F53-44E5-AAA3-6BDBA2B51094}.Debug 1.8|Mixed Platforms.ActiveCfg = Debug|Any CPU
		{5E2A280D-1F53-44E5-AAA3-6BDBA2B51094}.Debug 1.8|Mixed Platforms.Build.0 = Debug|Any CPU
		{5E2A280D-1F53-44E5-AAA3-6BDBA2B51094}.Debug 1.8|x86.ActiveCfg = Debug|Any CPU
		{5E2A280D-1F53-44E5-AAA3-6BDBA2B51094}.Debug 1.9|.NET.ActiveCfg = Debug|Any CPU
		{5E2A280D-1F53-44E5-AAA3-6BDBA2B51094}.Debug 1.9|Any CPU.ActiveCfg = Debug|Any CPU
		{5E2A280D-1F53-44E5-AAA3-6BDBA2B51094}.Debug 1.9|Any CPU.Build.0 = Debug|Any CPU
		{5E2A280D-1F53-44E5-AAA3-6BDBA2B51094}.Debug 1.9|Mixed Platforms.ActiveCfg = Debug|Any CPU
		{5E2A280D-1F53-44E5-AAA3-6BDBA2B51094}.Debug 1.9|Mixed Platforms.Build.0 = Debug|Any CPU
		{5E2A280D-1F53-44E5-AAA3-6BDBA2B51094}.Debug 1.9|x86.ActiveCfg = Debug|Any CPU
		{5E2A280D-1F53-44E5-AAA3-6BDBA2B51094}.Debug|.NET.ActiveCfg = Debug|Any CPU
		{5E2A280D-1F53-44E5-AAA3-6BDBA2B51094}.Debug|Any CPU.ActiveCfg = Debug|Any CPU
		{5E2A280D-1F53-44E5-AAA3-6BDBA2B51094}.Debug|Any CPU.Build.0 = Debug|Any CPU
		{5E2A280D-1F53-44E5-AAA3-6BDBA2B51094}.Debug|Mixed Platforms.ActiveCfg = Debug|Any CPU
		{5E2A280D-1F53-44E5-AAA3-6BDBA2B51094}.Debug|Mixed Platforms.Build.0 = Debug|Any CPU
		{5E2A280D-1F53-44E5-AAA3-6BDBA2B51094}.Debug|x86.ActiveCfg = Debug|Any CPU
		{5E2A280D-1F53-44E5-AAA3-6BDBA2B51094}.DebugSnk|.NET.ActiveCfg = Debug|Any CPU
		{5E2A280D-1F53-44E5-AAA3-6BDBA2B51094}.DebugSnk|Any CPU.ActiveCfg = Debug|Any CPU
		{5E2A280D-1F53-44E5-AAA3-6BDBA2B51094}.DebugSnk|Any CPU.Build.0 = Debug|Any CPU
		{5E2A280D-1F53-44E5-AAA3-6BDBA2B51094}.DebugSnk|Mixed Platforms.ActiveCfg = Debug|Any CPU
		{5E2A280D-1F53-44E5-AAA3-6BDBA2B51094}.DebugSnk|Mixed Platforms.Build.0 = Debug|Any CPU
		{5E2A280D-1F53-44E5-AAA3-6BDBA2B51094}.DebugSnk|x86.ActiveCfg = Debug|Any CPU
		{5E2A280D-1F53-44E5-AAA3-6BDBA2B51094}.Release_20|.NET.ActiveCfg = Release|Any CPU
		{5E2A280D-1F53-44E5-AAA3-6BDBA2B51094}.Release_20|Any CPU.ActiveCfg = Release|Any CPU
		{5E2A280D-1F53-44E5-AAA3-6BDBA2B51094}.Release_20|Any CPU.Build.0 = Release|Any CPU
		{5E2A280D-1F53-44E5-AAA3-6BDBA2B51094}.Release_20|Mixed Platforms.ActiveCfg = Release|Any CPU
		{5E2A280D-1F53-44E5-AAA3-6BDBA2B51094}.Release_20|Mixed Platforms.Build.0 = Release|Any CPU
		{5E2A280D-1F53-44E5-AAA3-6BDBA2B51094}.Release_20|x86.ActiveCfg = Release|Any CPU
		{5E2A280D-1F53-44E5-AAA3-6BDBA2B51094}.Release_Mono_w_Linux|.NET.ActiveCfg = Release|Any CPU
		{5E2A280D-1F53-44E5-AAA3-6BDBA2B51094}.Release_Mono_w_Linux|Any CPU.ActiveCfg = Release|Any CPU
		{5E2A280D-1F53-44E5-AAA3-6BDBA2B51094}.Release_Mono_w_Linux|Any CPU.Build.0 = Release|Any CPU
		{5E2A280D-1F53-44E5-AAA3-6BDBA2B51094}.Release_Mono_w_Linux|Mixed Platforms.ActiveCfg = Release|Any CPU
		{5E2A280D-1F53-44E5-AAA3-6BDBA2B51094}.Release_Mono_w_Linux|Mixed Platforms.Build.0 = Release|Any CPU
		{5E2A280D-1F53-44E5-AAA3-6BDBA2B51094}.Release_Mono_w_Linux|x86.ActiveCfg = Release|Any CPU
		{5E2A280D-1F53-44E5-AAA3-6BDBA2B51094}.Release|.NET.ActiveCfg = Release|Any CPU
		{5E2A280D-1F53-44E5-AAA3-6BDBA2B51094}.Release|Any CPU.ActiveCfg = Release|Any CPU
		{5E2A280D-1F53-44E5-AAA3-6BDBA2B51094}.Release|Any CPU.Build.0 = Release|Any CPU
		{5E2A280D-1F53-44E5-AAA3-6BDBA2B51094}.Release|Mixed Platforms.ActiveCfg = Release|Any CPU
		{5E2A280D-1F53-44E5-AAA3-6BDBA2B51094}.Release|Mixed Platforms.Build.0 = Release|Any CPU
		{5E2A280D-1F53-44E5-AAA3-6BDBA2B51094}.Release|x86.ActiveCfg = Release|Any CPU
		{5E2A280D-1F53-44E5-AAA3-6BDBA2B51094}.ReleaseSnk|.NET.ActiveCfg = Release|Any CPU
		{5E2A280D-1F53-44E5-AAA3-6BDBA2B51094}.ReleaseSnk|Any CPU.ActiveCfg = Release|Any CPU
		{5E2A280D-1F53-44E5-AAA3-6BDBA2B51094}.ReleaseSnk|Any CPU.Build.0 = Release|Any CPU
		{5E2A280D-1F53-44E5-AAA3-6BDBA2B51094}.ReleaseSnk|Mixed Platforms.ActiveCfg = Release|Any CPU
		{5E2A280D-1F53-44E5-AAA3-6BDBA2B51094}.ReleaseSnk|Mixed Platforms.Build.0 = Release|Any CPU
		{5E2A280D-1F53-44E5-AAA3-6BDBA2B51094}.ReleaseSnk|x86.ActiveCfg = Release|Any CPU
		{B1BC3EF8-5EC7-491A-BA83-70CB38F1823F}.Debug - Mono Strict|.NET.ActiveCfg = Debug|Any CPU
		{B1BC3EF8-5EC7-491A-BA83-70CB38F1823F}.Debug - Mono Strict|Any CPU.ActiveCfg = Debug|Any CPU
		{B1BC3EF8-5EC7-491A-BA83-70CB38F1823F}.Debug - Mono Strict|Any CPU.Build.0 = Debug|Any CPU
		{B1BC3EF8-5EC7-491A-BA83-70CB38F1823F}.Debug - Mono Strict|Mixed Platforms.ActiveCfg = Debug|Any CPU
		{B1BC3EF8-5EC7-491A-BA83-70CB38F1823F}.Debug - Mono Strict|Mixed Platforms.Build.0 = Debug|Any CPU
		{B1BC3EF8-5EC7-491A-BA83-70CB38F1823F}.Debug - Mono Strict|x86.ActiveCfg = Debug|Any CPU
		{B1BC3EF8-5EC7-491A-BA83-70CB38F1823F}.Debug 1.8|.NET.ActiveCfg = Debug|Any CPU
		{B1BC3EF8-5EC7-491A-BA83-70CB38F1823F}.Debug 1.8|Any CPU.ActiveCfg = Debug|Any CPU
		{B1BC3EF8-5EC7-491A-BA83-70CB38F1823F}.Debug 1.8|Any CPU.Build.0 = Debug|Any CPU
		{B1BC3EF8-5EC7-491A-BA83-70CB38F1823F}.Debug 1.8|Mixed Platforms.ActiveCfg = Debug|Any CPU
		{B1BC3EF8-5EC7-491A-BA83-70CB38F1823F}.Debug 1.8|Mixed Platforms.Build.0 = Debug|Any CPU
		{B1BC3EF8-5EC7-491A-BA83-70CB38F1823F}.Debug 1.8|x86.ActiveCfg = Debug|Any CPU
		{B1BC3EF8-5EC7-491A-BA83-70CB38F1823F}.Debug 1.9|.NET.ActiveCfg = Debug|Any CPU
		{B1BC3EF8-5EC7-491A-BA83-70CB38F1823F}.Debug 1.9|Any CPU.ActiveCfg = Debug|Any CPU
		{B1BC3EF8-5EC7-491A-BA83-70CB38F1823F}.Debug 1.9|Any CPU.Build.0 = Debug|Any CPU
		{B1BC3EF8-5EC7-491A-BA83-70CB38F1823F}.Debug 1.9|Mixed Platforms.ActiveCfg = Debug|Any CPU
		{B1BC3EF8-5EC7-491A-BA83-70CB38F1823F}.Debug 1.9|Mixed Platforms.Build.0 = Debug|Any CPU
		{B1BC3EF8-5EC7-491A-BA83-70CB38F1823F}.Debug 1.9|x86.ActiveCfg = Debug|Any CPU
		{B1BC3EF8-5EC7-491A-BA83-70CB38F1823F}.Debug|.NET.ActiveCfg = Debug|Any CPU
		{B1BC3EF8-5EC7-491A-BA83-70CB38F1823F}.Debug|Any CPU.ActiveCfg = Debug|Any CPU
		{B1BC3EF8-5EC7-491A-BA83-70CB38F1823F}.Debug|Any CPU.Build.0 = Debug|Any CPU
		{B1BC3EF8-5EC7-491A-BA83-70CB38F1823F}.Debug|Mixed Platforms.ActiveCfg = Debug|Any CPU
		{B1BC3EF8-5EC7-491A-BA83-70CB38F1823F}.Debug|Mixed Platforms.Build.0 = Debug|Any CPU
		{B1BC3EF8-5EC7-491A-BA83-70CB38F1823F}.Debug|x86.ActiveCfg = Debug|Any CPU
		{B1BC3EF8-5EC7-491A-BA83-70CB38F1823F}.DebugSnk|.NET.ActiveCfg = Debug|Any CPU
		{B1BC3EF8-5EC7-491A-BA83-70CB38F1823F}.DebugSnk|Any CPU.ActiveCfg = Debug|Any CPU
		{B1BC3EF8-5EC7-491A-BA83-70CB38F1823F}.DebugSnk|Any CPU.Build.0 = Debug|Any CPU
		{B1BC3EF8-5EC7-491A-BA83-70CB38F1823F}.DebugSnk|Mixed Platforms.ActiveCfg = Debug|Any CPU
		{B1BC3EF8-5EC7-491A-BA83-70CB38F1823F}.DebugSnk|Mixed Platforms.Build.0 = Debug|Any CPU
		{B1BC3EF8-5EC7-491A-BA83-70CB38F1823F}.DebugSnk|x86.ActiveCfg = Debug|Any CPU
		{B1BC3EF8-5EC7-491A-BA83-70CB38F1823F}.Release_20|.NET.ActiveCfg = Release|Any CPU
		{B1BC3EF8-5EC7-491A-BA83-70CB38F1823F}.Release_20|Any CPU.ActiveCfg = Release|Any CPU
		{B1BC3EF8-5EC7-491A-BA83-70CB38F1823F}.Release_20|Any CPU.Build.0 = Release|Any CPU
		{B1BC3EF8-5EC7-491A-BA83-70CB38F1823F}.Release_20|Mixed Platforms.ActiveCfg = Release|Any CPU
		{B1BC3EF8-5EC7-491A-BA83-70CB38F1823F}.Release_20|Mixed Platforms.Build.0 = Release|Any CPU
		{B1BC3EF8-5EC7-491A-BA83-70CB38F1823F}.Release_20|x86.ActiveCfg = Release|Any CPU
		{B1BC3EF8-5EC7-491A-BA83-70CB38F1823F}.Release_Mono_w_Linux|.NET.ActiveCfg = Release|Any CPU
		{B1BC3EF8-5EC7-491A-BA83-70CB38F1823F}.Release_Mono_w_Linux|Any CPU.ActiveCfg = Release|Any CPU
		{B1BC3EF8-5EC7-491A-BA83-70CB38F1823F}.Release_Mono_w_Linux|Any CPU.Build.0 = Release|Any CPU
		{B1BC3EF8-5EC7-491A-BA83-70CB38F1823F}.Release_Mono_w_Linux|Mixed Platforms.ActiveCfg = Release|Any CPU
		{B1BC3EF8-5EC7-491A-BA83-70CB38F1823F}.Release_Mono_w_Linux|Mixed Platforms.Build.0 = Release|Any CPU
		{B1BC3EF8-5EC7-491A-BA83-70CB38F1823F}.Release_Mono_w_Linux|x86.ActiveCfg = Release|Any CPU
		{B1BC3EF8-5EC7-491A-BA83-70CB38F1823F}.Release|.NET.ActiveCfg = Release|Any CPU
		{B1BC3EF8-5EC7-491A-BA83-70CB38F1823F}.Release|Any CPU.ActiveCfg = Release|Any CPU
		{B1BC3EF8-5EC7-491A-BA83-70CB38F1823F}.Release|Any CPU.Build.0 = Release|Any CPU
		{B1BC3EF8-5EC7-491A-BA83-70CB38F1823F}.Release|Mixed Platforms.ActiveCfg = Release|Any CPU
		{B1BC3EF8-5EC7-491A-BA83-70CB38F1823F}.Release|Mixed Platforms.Build.0 = Release|Any CPU
		{B1BC3EF8-5EC7-491A-BA83-70CB38F1823F}.Release|x86.ActiveCfg = Release|Any CPU
		{B1BC3EF8-5EC7-491A-BA83-70CB38F1823F}.ReleaseSnk|.NET.ActiveCfg = Release|Any CPU
		{B1BC3EF8-5EC7-491A-BA83-70CB38F1823F}.ReleaseSnk|Any CPU.ActiveCfg = Release|Any CPU
		{B1BC3EF8-5EC7-491A-BA83-70CB38F1823F}.ReleaseSnk|Any CPU.Build.0 = Release|Any CPU
		{B1BC3EF8-5EC7-491A-BA83-70CB38F1823F}.ReleaseSnk|Mixed Platforms.ActiveCfg = Release|Any CPU
		{B1BC3EF8-5EC7-491A-BA83-70CB38F1823F}.ReleaseSnk|Mixed Platforms.Build.0 = Release|Any CPU
		{B1BC3EF8-5EC7-491A-BA83-70CB38F1823F}.ReleaseSnk|x86.ActiveCfg = Release|Any CPU
		{00330FAC-98FB-4D4B-9B58-0D73178B6D5A}.Debug - Mono Strict|.NET.ActiveCfg = Debug|Any CPU
		{00330FAC-98FB-4D4B-9B58-0D73178B6D5A}.Debug - Mono Strict|Any CPU.ActiveCfg = Debug|Any CPU
		{00330FAC-98FB-4D4B-9B58-0D73178B6D5A}.Debug - Mono Strict|Any CPU.Build.0 = Debug|Any CPU
		{00330FAC-98FB-4D4B-9B58-0D73178B6D5A}.Debug - Mono Strict|Mixed Platforms.ActiveCfg = Debug|Any CPU
		{00330FAC-98FB-4D4B-9B58-0D73178B6D5A}.Debug - Mono Strict|Mixed Platforms.Build.0 = Debug|Any CPU
		{00330FAC-98FB-4D4B-9B58-0D73178B6D5A}.Debug - Mono Strict|x86.ActiveCfg = Debug|Any CPU
		{00330FAC-98FB-4D4B-9B58-0D73178B6D5A}.Debug 1.8|.NET.ActiveCfg = Debug|Any CPU
		{00330FAC-98FB-4D4B-9B58-0D73178B6D5A}.Debug 1.8|Any CPU.ActiveCfg = Debug|Any CPU
		{00330FAC-98FB-4D4B-9B58-0D73178B6D5A}.Debug 1.8|Any CPU.Build.0 = Debug|Any CPU
		{00330FAC-98FB-4D4B-9B58-0D73178B6D5A}.Debug 1.8|Mixed Platforms.ActiveCfg = Debug|Any CPU
		{00330FAC-98FB-4D4B-9B58-0D73178B6D5A}.Debug 1.8|Mixed Platforms.Build.0 = Debug|Any CPU
		{00330FAC-98FB-4D4B-9B58-0D73178B6D5A}.Debug 1.8|x86.ActiveCfg = Debug|Any CPU
		{00330FAC-98FB-4D4B-9B58-0D73178B6D5A}.Debug 1.9|.NET.ActiveCfg = Debug|Any CPU
		{00330FAC-98FB-4D4B-9B58-0D73178B6D5A}.Debug 1.9|Any CPU.ActiveCfg = Debug|Any CPU
		{00330FAC-98FB-4D4B-9B58-0D73178B6D5A}.Debug 1.9|Any CPU.Build.0 = Debug|Any CPU
		{00330FAC-98FB-4D4B-9B58-0D73178B6D5A}.Debug 1.9|Mixed Platforms.ActiveCfg = Debug|Any CPU
		{00330FAC-98FB-4D4B-9B58-0D73178B6D5A}.Debug 1.9|Mixed Platforms.Build.0 = Debug|Any CPU
		{00330FAC-98FB-4D4B-9B58-0D73178B6D5A}.Debug 1.9|x86.ActiveCfg = Debug|Any CPU
		{00330FAC-98FB-4D4B-9B58-0D73178B6D5A}.Debug|.NET.ActiveCfg = Debug|Any CPU
		{00330FAC-98FB-4D4B-9B58-0D73178B6D5A}.Debug|Any CPU.ActiveCfg = Debug|Any CPU
		{00330FAC-98FB-4D4B-9B58-0D73178B6D5A}.Debug|Any CPU.Build.0 = Debug|Any CPU
		{00330FAC-98FB-4D4B-9B58-0D73178B6D5A}.Debug|Mixed Platforms.ActiveCfg = Debug|Any CPU
		{00330FAC-98FB-4D4B-9B58-0D73178B6D5A}.Debug|Mixed Platforms.Build.0 = Debug|Any CPU
		{00330FAC-98FB-4D4B-9B58-0D73178B6D5A}.Debug|x86.ActiveCfg = Debug|Any CPU
		{00330FAC-98FB-4D4B-9B58-0D73178B6D5A}.DebugSnk|.NET.ActiveCfg = Debug|Any CPU
		{00330FAC-98FB-4D4B-9B58-0D73178B6D5A}.DebugSnk|Any CPU.ActiveCfg = Debug|Any CPU
		{00330FAC-98FB-4D4B-9B58-0D73178B6D5A}.DebugSnk|Any CPU.Build.0 = Debug|Any CPU
		{00330FAC-98FB-4D4B-9B58-0D73178B6D5A}.DebugSnk|Mixed Platforms.ActiveCfg = Debug|Any CPU
		{00330FAC-98FB-4D4B-9B58-0D73178B6D5A}.DebugSnk|Mixed Platforms.Build.0 = Debug|Any CPU
		{00330FAC-98FB-4D4B-9B58-0D73178B6D5A}.DebugSnk|x86.ActiveCfg = Debug|Any CPU
		{00330FAC-98FB-4D4B-9B58-0D73178B6D5A}.Release_20|.NET.ActiveCfg = Release|Any CPU
		{00330FAC-98FB-4D4B-9B58-0D73178B6D5A}.Release_20|Any CPU.ActiveCfg = Release|Any CPU
		{00330FAC-98FB-4D4B-9B58-0D73178B6D5A}.Release_20|Any CPU.Build.0 = Release|Any CPU
		{00330FAC-98FB-4D4B-9B58-0D73178B6D5A}.Release_20|Mixed Platforms.ActiveCfg = Release|Any CPU
		{00330FAC-98FB-4D4B-9B58-0D73178B6D5A}.Release_20|Mixed Platforms.Build.0 = Release|Any CPU
		{00330FAC-98FB-4D4B-9B58-0D73178B6D5A}.Release_20|x86.ActiveCfg = Release|Any CPU
		{00330FAC-98FB-4D4B-9B58-0D73178B6D5A}.Release_Mono_w_Linux|.NET.ActiveCfg = Release|Any CPU
		{00330FAC-98FB-4D4B-9B58-0D73178B6D5A}.Release_Mono_w_Linux|Any CPU.ActiveCfg = Release|Any CPU
		{00330FAC-98FB-4D4B-9B58-0D73178B6D5A}.Release_Mono_w_Linux|Any CPU.Build.0 = Release|Any CPU
		{00330FAC-98FB-4D4B-9B58-0D73178B6D5A}.Release_Mono_w_Linux|Mixed Platforms.ActiveCfg = Release|Any CPU
		{00330FAC-98FB-4D4B-9B58-0D73178B6D5A}.Release_Mono_w_Linux|Mixed Platforms.Build.0 = Release|Any CPU
		{00330FAC-98FB-4D4B-9B58-0D73178B6D5A}.Release_Mono_w_Linux|x86.ActiveCfg = Release|Any CPU
		{00330FAC-98FB-4D4B-9B58-0D73178B6D5A}.Release|.NET.ActiveCfg = Release|Any CPU
		{00330FAC-98FB-4D4B-9B58-0D73178B6D5A}.Release|Any CPU.ActiveCfg = Release|Any CPU
		{00330FAC-98FB-4D4B-9B58-0D73178B6D5A}.Release|Any CPU.Build.0 = Release|Any CPU
		{00330FAC-98FB-4D4B-9B58-0D73178B6D5A}.Release|Mixed Platforms.ActiveCfg = Release|Any CPU
		{00330FAC-98FB-4D4B-9B58-0D73178B6D5A}.Release|Mixed Platforms.Build.0 = Release|Any CPU
		{00330FAC-98FB-4D4B-9B58-0D73178B6D5A}.Release|x86.ActiveCfg = Release|Any CPU
		{00330FAC-98FB-4D4B-9B58-0D73178B6D5A}.ReleaseSnk|.NET.ActiveCfg = Release|Any CPU
		{00330FAC-98FB-4D4B-9B58-0D73178B6D5A}.ReleaseSnk|Any CPU.ActiveCfg = Release|Any CPU
		{00330FAC-98FB-4D4B-9B58-0D73178B6D5A}.ReleaseSnk|Any CPU.Build.0 = Release|Any CPU
		{00330FAC-98FB-4D4B-9B58-0D73178B6D5A}.ReleaseSnk|Mixed Platforms.ActiveCfg = Release|Any CPU
		{00330FAC-98FB-4D4B-9B58-0D73178B6D5A}.ReleaseSnk|Mixed Platforms.Build.0 = Release|Any CPU
		{00330FAC-98FB-4D4B-9B58-0D73178B6D5A}.ReleaseSnk|x86.ActiveCfg = Release|Any CPU
		{3B0A1799-4C0F-45A3-92EC-BE41787F8BEB}.Debug - Mono Strict|.NET.ActiveCfg = Debug|Any CPU
		{3B0A1799-4C0F-45A3-92EC-BE41787F8BEB}.Debug - Mono Strict|Any CPU.ActiveCfg = Debug|Any CPU
		{3B0A1799-4C0F-45A3-92EC-BE41787F8BEB}.Debug - Mono Strict|Any CPU.Build.0 = Debug|Any CPU
		{3B0A1799-4C0F-45A3-92EC-BE41787F8BEB}.Debug - Mono Strict|Mixed Platforms.ActiveCfg = Debug|Any CPU
		{3B0A1799-4C0F-45A3-92EC-BE41787F8BEB}.Debug - Mono Strict|Mixed Platforms.Build.0 = Debug|Any CPU
		{3B0A1799-4C0F-45A3-92EC-BE41787F8BEB}.Debug - Mono Strict|x86.ActiveCfg = Debug|Any CPU
		{3B0A1799-4C0F-45A3-92EC-BE41787F8BEB}.Debug 1.8|.NET.ActiveCfg = Debug|Any CPU
		{3B0A1799-4C0F-45A3-92EC-BE41787F8BEB}.Debug 1.8|Any CPU.ActiveCfg = Debug|Any CPU
		{3B0A1799-4C0F-45A3-92EC-BE41787F8BEB}.Debug 1.8|Any CPU.Build.0 = Debug|Any CPU
		{3B0A1799-4C0F-45A3-92EC-BE41787F8BEB}.Debug 1.8|Mixed Platforms.ActiveCfg = Debug|Any CPU
		{3B0A1799-4C0F-45A3-92EC-BE41787F8BEB}.Debug 1.8|Mixed Platforms.Build.0 = Debug|Any CPU
		{3B0A1799-4C0F-45A3-92EC-BE41787F8BEB}.Debug 1.8|x86.ActiveCfg = Debug|Any CPU
		{3B0A1799-4C0F-45A3-92EC-BE41787F8BEB}.Debug 1.9|.NET.ActiveCfg = Debug|Any CPU
		{3B0A1799-4C0F-45A3-92EC-BE41787F8BEB}.Debug 1.9|Any CPU.ActiveCfg = Debug|Any CPU
		{3B0A1799-4C0F-45A3-92EC-BE41787F8BEB}.Debug 1.9|Any CPU.Build.0 = Debug|Any CPU
		{3B0A1799-4C0F-45A3-92EC-BE41787F8BEB}.Debug 1.9|Mixed Platforms.ActiveCfg = Debug|Any CPU
		{3B0A1799-4C0F-45A3-92EC-BE41787F8BEB}.Debug 1.9|Mixed Platforms.Build.0 = Debug|Any CPU
		{3B0A1799-4C0F-45A3-92EC-BE41787F8BEB}.Debug 1.9|x86.ActiveCfg = Debug|Any CPU
		{3B0A1799-4C0F-45A3-92EC-BE41787F8BEB}.Debug|.NET.ActiveCfg = Debug|Any CPU
		{3B0A1799-4C0F-45A3-92EC-BE41787F8BEB}.Debug|Any CPU.ActiveCfg = Debug|Any CPU
		{3B0A1799-4C0F-45A3-92EC-BE41787F8BEB}.Debug|Any CPU.Build.0 = Debug|Any CPU
		{3B0A1799-4C0F-45A3-92EC-BE41787F8BEB}.Debug|Mixed Platforms.ActiveCfg = Debug|Any CPU
		{3B0A1799-4C0F-45A3-92EC-BE41787F8BEB}.Debug|Mixed Platforms.Build.0 = Debug|Any CPU
		{3B0A1799-4C0F-45A3-92EC-BE41787F8BEB}.Debug|x86.ActiveCfg = Debug|Any CPU
		{3B0A1799-4C0F-45A3-92EC-BE41787F8BEB}.DebugSnk|.NET.ActiveCfg = Debug|Any CPU
		{3B0A1799-4C0F-45A3-92EC-BE41787F8BEB}.DebugSnk|Any CPU.ActiveCfg = Debug|Any CPU
		{3B0A1799-4C0F-45A3-92EC-BE41787F8BEB}.DebugSnk|Any CPU.Build.0 = Debug|Any CPU
		{3B0A1799-4C0F-45A3-92EC-BE41787F8BEB}.DebugSnk|Mixed Platforms.ActiveCfg = Debug|Any CPU
		{3B0A1799-4C0F-45A3-92EC-BE41787F8BEB}.DebugSnk|Mixed Platforms.Build.0 = Debug|Any CPU
		{3B0A1799-4C0F-45A3-92EC-BE41787F8BEB}.DebugSnk|x86.ActiveCfg = Debug|Any CPU
		{3B0A1799-4C0F-45A3-92EC-BE41787F8BEB}.Release_20|.NET.ActiveCfg = Release|Any CPU
		{3B0A1799-4C0F-45A3-92EC-BE41787F8BEB}.Release_20|Any CPU.ActiveCfg = Release|Any CPU
		{3B0A1799-4C0F-45A3-92EC-BE41787F8BEB}.Release_20|Any CPU.Build.0 = Release|Any CPU
		{3B0A1799-4C0F-45A3-92EC-BE41787F8BEB}.Release_20|Mixed Platforms.ActiveCfg = Release|Any CPU
		{3B0A1799-4C0F-45A3-92EC-BE41787F8BEB}.Release_20|Mixed Platforms.Build.0 = Release|Any CPU
		{3B0A1799-4C0F-45A3-92EC-BE41787F8BEB}.Release_20|x86.ActiveCfg = Release|Any CPU
		{3B0A1799-4C0F-45A3-92EC-BE41787F8BEB}.Release_Mono_w_Linux|.NET.ActiveCfg = Release|Any CPU
		{3B0A1799-4C0F-45A3-92EC-BE41787F8BEB}.Release_Mono_w_Linux|Any CPU.ActiveCfg = Release|Any CPU
		{3B0A1799-4C0F-45A3-92EC-BE41787F8BEB}.Release_Mono_w_Linux|Any CPU.Build.0 = Release|Any CPU
		{3B0A1799-4C0F-45A3-92EC-BE41787F8BEB}.Release_Mono_w_Linux|Mixed Platforms.ActiveCfg = Release|Any CPU
		{3B0A1799-4C0F-45A3-92EC-BE41787F8BEB}.Release_Mono_w_Linux|Mixed Platforms.Build.0 = Release|Any CPU
		{3B0A1799-4C0F-45A3-92EC-BE41787F8BEB}.Release_Mono_w_Linux|x86.ActiveCfg = Release|Any CPU
		{3B0A1799-4C0F-45A3-92EC-BE41787F8BEB}.Release|.NET.ActiveCfg = Release|Any CPU
		{3B0A1799-4C0F-45A3-92EC-BE41787F8BEB}.Release|Any CPU.ActiveCfg = Release|Any CPU
		{3B0A1799-4C0F-45A3-92EC-BE41787F8BEB}.Release|Any CPU.Build.0 = Release|Any CPU
		{3B0A1799-4C0F-45A3-92EC-BE41787F8BEB}.Release|Mixed Platforms.ActiveCfg = Release|Any CPU
		{3B0A1799-4C0F-45A3-92EC-BE41787F8BEB}.Release|Mixed Platforms.Build.0 = Release|Any CPU
		{3B0A1799-4C0F-45A3-92EC-BE41787F8BEB}.Release|x86.ActiveCfg = Release|Any CPU
		{3B0A1799-4C0F-45A3-92EC-BE41787F8BEB}.ReleaseSnk|.NET.ActiveCfg = Release|Any CPU
		{3B0A1799-4C0F-45A3-92EC-BE41787F8BEB}.ReleaseSnk|Any CPU.ActiveCfg = Release|Any CPU
		{3B0A1799-4C0F-45A3-92EC-BE41787F8BEB}.ReleaseSnk|Any CPU.Build.0 = Release|Any CPU
		{3B0A1799-4C0F-45A3-92EC-BE41787F8BEB}.ReleaseSnk|Mixed Platforms.ActiveCfg = Release|Any CPU
		{3B0A1799-4C0F-45A3-92EC-BE41787F8BEB}.ReleaseSnk|Mixed Platforms.Build.0 = Release|Any CPU
		{3B0A1799-4C0F-45A3-92EC-BE41787F8BEB}.ReleaseSnk|x86.ActiveCfg = Release|Any CPU
		{CA6C22CA-DC4A-4F47-88DA-17C64C9BDDC4}.Debug - Mono Strict|.NET.ActiveCfg = Debug|Any CPU
		{CA6C22CA-DC4A-4F47-88DA-17C64C9BDDC4}.Debug - Mono Strict|Any CPU.ActiveCfg = Debug|Any CPU
		{CA6C22CA-DC4A-4F47-88DA-17C64C9BDDC4}.Debug - Mono Strict|Any CPU.Build.0 = Debug|Any CPU
		{CA6C22CA-DC4A-4F47-88DA-17C64C9BDDC4}.Debug - Mono Strict|Mixed Platforms.ActiveCfg = Debug|Any CPU
		{CA6C22CA-DC4A-4F47-88DA-17C64C9BDDC4}.Debug - Mono Strict|Mixed Platforms.Build.0 = Debug|Any CPU
		{CA6C22CA-DC4A-4F47-88DA-17C64C9BDDC4}.Debug - Mono Strict|x86.ActiveCfg = Debug|Any CPU
		{CA6C22CA-DC4A-4F47-88DA-17C64C9BDDC4}.Debug 1.8|.NET.ActiveCfg = Debug|Any CPU
		{CA6C22CA-DC4A-4F47-88DA-17C64C9BDDC4}.Debug 1.8|Any CPU.ActiveCfg = Debug|Any CPU
		{CA6C22CA-DC4A-4F47-88DA-17C64C9BDDC4}.Debug 1.8|Any CPU.Build.0 = Debug|Any CPU
		{CA6C22CA-DC4A-4F47-88DA-17C64C9BDDC4}.Debug 1.8|Mixed Platforms.ActiveCfg = Debug|Any CPU
		{CA6C22CA-DC4A-4F47-88DA-17C64C9BDDC4}.Debug 1.8|Mixed Platforms.Build.0 = Debug|Any CPU
		{CA6C22CA-DC4A-4F47-88DA-17C64C9BDDC4}.Debug 1.8|x86.ActiveCfg = Debug|Any CPU
		{CA6C22CA-DC4A-4F47-88DA-17C64C9BDDC4}.Debug 1.9|.NET.ActiveCfg = Debug|Any CPU
		{CA6C22CA-DC4A-4F47-88DA-17C64C9BDDC4}.Debug 1.9|Any CPU.ActiveCfg = Debug|Any CPU
		{CA6C22CA-DC4A-4F47-88DA-17C64C9BDDC4}.Debug 1.9|Any CPU.Build.0 = Debug|Any CPU
		{CA6C22CA-DC4A-4F47-88DA-17C64C9BDDC4}.Debug 1.9|Mixed Platforms.ActiveCfg = Debug|Any CPU
		{CA6C22CA-DC4A-4F47-88DA-17C64C9BDDC4}.Debug 1.9|Mixed Platforms.Build.0 = Debug|Any CPU
		{CA6C22CA-DC4A-4F47-88DA-17C64C9BDDC4}.Debug 1.9|x86.ActiveCfg = Debug|Any CPU
		{CA6C22CA-DC4A-4F47-88DA-17C64C9BDDC4}.Debug|.NET.ActiveCfg = Debug|Any CPU
		{CA6C22CA-DC4A-4F47-88DA-17C64C9BDDC4}.Debug|Any CPU.ActiveCfg = Debug|Any CPU
		{CA6C22CA-DC4A-4F47-88DA-17C64C9BDDC4}.Debug|Any CPU.Build.0 = Debug|Any CPU
		{CA6C22CA-DC4A-4F47-88DA-17C64C9BDDC4}.Debug|Mixed Platforms.ActiveCfg = Debug|Any CPU
		{CA6C22CA-DC4A-4F47-88DA-17C64C9BDDC4}.Debug|Mixed Platforms.Build.0 = Debug|Any CPU
		{CA6C22CA-DC4A-4F47-88DA-17C64C9BDDC4}.Debug|x86.ActiveCfg = Debug|Any CPU
		{CA6C22CA-DC4A-4F47-88DA-17C64C9BDDC4}.DebugSnk|.NET.ActiveCfg = Debug|Any CPU
		{CA6C22CA-DC4A-4F47-88DA-17C64C9BDDC4}.DebugSnk|Any CPU.ActiveCfg = Debug|Any CPU
		{CA6C22CA-DC4A-4F47-88DA-17C64C9BDDC4}.DebugSnk|Any CPU.Build.0 = Debug|Any CPU
		{CA6C22CA-DC4A-4F47-88DA-17C64C9BDDC4}.DebugSnk|Mixed Platforms.ActiveCfg = Debug|Any CPU
		{CA6C22CA-DC4A-4F47-88DA-17C64C9BDDC4}.DebugSnk|Mixed Platforms.Build.0 = Debug|Any CPU
		{CA6C22CA-DC4A-4F47-88DA-17C64C9BDDC4}.DebugSnk|x86.ActiveCfg = Debug|Any CPU
		{CA6C22CA-DC4A-4F47-88DA-17C64C9BDDC4}.Release_20|.NET.ActiveCfg = Release|Any CPU
		{CA6C22CA-DC4A-4F47-88DA-17C64C9BDDC4}.Release_20|Any CPU.ActiveCfg = Release|Any CPU
		{CA6C22CA-DC4A-4F47-88DA-17C64C9BDDC4}.Release_20|Any CPU.Build.0 = Release|Any CPU
		{CA6C22CA-DC4A-4F47-88DA-17C64C9BDDC4}.Release_20|Mixed Platforms.ActiveCfg = Release|Any CPU
		{CA6C22CA-DC4A-4F47-88DA-17C64C9BDDC4}.Release_20|Mixed Platforms.Build.0 = Release|Any CPU
		{CA6C22CA-DC4A-4F47-88DA-17C64C9BDDC4}.Release_20|x86.ActiveCfg = Release|Any CPU
		{CA6C22CA-DC4A-4F47-88DA-17C64C9BDDC4}.Release_Mono_w_Linux|.NET.ActiveCfg = Release|Any CPU
		{CA6C22CA-DC4A-4F47-88DA-17C64C9BDDC4}.Release_Mono_w_Linux|Any CPU.ActiveCfg = Release|Any CPU
		{CA6C22CA-DC4A-4F47-88DA-17C64C9BDDC4}.Release_Mono_w_Linux|Any CPU.Build.0 = Release|Any CPU
		{CA6C22CA-DC4A-4F47-88DA-17C64C9BDDC4}.Release_Mono_w_Linux|Mixed Platforms.ActiveCfg = Release|Any CPU
		{CA6C22CA-DC4A-4F47-88DA-17C64C9BDDC4}.Release_Mono_w_Linux|Mixed Platforms.Build.0 = Release|Any CPU
		{CA6C22CA-DC4A-4F47-88DA-17C64C9BDDC4}.Release_Mono_w_Linux|x86.ActiveCfg = Release|Any CPU
		{CA6C22CA-DC4A-4F47-88DA-17C64C9BDDC4}.Release|.NET.ActiveCfg = Release|Any CPU
		{CA6C22CA-DC4A-4F47-88DA-17C64C9BDDC4}.Release|Any CPU.ActiveCfg = Release|Any CPU
		{CA6C22CA-DC4A-4F47-88DA-17C64C9BDDC4}.Release|Any CPU.Build.0 = Release|Any CPU
		{CA6C22CA-DC4A-4F47-88DA-17C64C9BDDC4}.Release|Mixed Platforms.ActiveCfg = Release|Any CPU
		{CA6C22CA-DC4A-4F47-88DA-17C64C9BDDC4}.Release|Mixed Platforms.Build.0 = Release|Any CPU
		{CA6C22CA-DC4A-4F47-88DA-17C64C9BDDC4}.Release|x86.ActiveCfg = Release|Any CPU
		{CA6C22CA-DC4A-4F47-88DA-17C64C9BDDC4}.ReleaseSnk|.NET.ActiveCfg = Release|Any CPU
		{CA6C22CA-DC4A-4F47-88DA-17C64C9BDDC4}.ReleaseSnk|Any CPU.ActiveCfg = Release|Any CPU
		{CA6C22CA-DC4A-4F47-88DA-17C64C9BDDC4}.ReleaseSnk|Any CPU.Build.0 = Release|Any CPU
		{CA6C22CA-DC4A-4F47-88DA-17C64C9BDDC4}.ReleaseSnk|Mixed Platforms.ActiveCfg = Release|Any CPU
		{CA6C22CA-DC4A-4F47-88DA-17C64C9BDDC4}.ReleaseSnk|Mixed Platforms.Build.0 = Release|Any CPU
		{CA6C22CA-DC4A-4F47-88DA-17C64C9BDDC4}.ReleaseSnk|x86.ActiveCfg = Release|Any CPU
		{D04D52F0-BF12-4043-B772-DCCE92171C72}.Debug - Mono Strict|.NET.ActiveCfg = Debug|Any CPU
		{D04D52F0-BF12-4043-B772-DCCE92171C72}.Debug - Mono Strict|Any CPU.ActiveCfg = Debug|Any CPU
		{D04D52F0-BF12-4043-B772-DCCE92171C72}.Debug - Mono Strict|Any CPU.Build.0 = Debug|Any CPU
		{D04D52F0-BF12-4043-B772-DCCE92171C72}.Debug - Mono Strict|Mixed Platforms.ActiveCfg = Debug|Any CPU
		{D04D52F0-BF12-4043-B772-DCCE92171C72}.Debug - Mono Strict|Mixed Platforms.Build.0 = Debug|Any CPU
		{D04D52F0-BF12-4043-B772-DCCE92171C72}.Debug - Mono Strict|x86.ActiveCfg = Debug|Any CPU
		{D04D52F0-BF12-4043-B772-DCCE92171C72}.Debug 1.8|.NET.ActiveCfg = Debug|Any CPU
		{D04D52F0-BF12-4043-B772-DCCE92171C72}.Debug 1.8|Any CPU.ActiveCfg = Debug|Any CPU
		{D04D52F0-BF12-4043-B772-DCCE92171C72}.Debug 1.8|Any CPU.Build.0 = Debug|Any CPU
		{D04D52F0-BF12-4043-B772-DCCE92171C72}.Debug 1.8|Mixed Platforms.ActiveCfg = Debug|Any CPU
		{D04D52F0-BF12-4043-B772-DCCE92171C72}.Debug 1.8|Mixed Platforms.Build.0 = Debug|Any CPU
		{D04D52F0-BF12-4043-B772-DCCE92171C72}.Debug 1.8|x86.ActiveCfg = Debug|Any CPU
		{D04D52F0-BF12-4043-B772-DCCE92171C72}.Debug 1.9|.NET.ActiveCfg = Debug|Any CPU
		{D04D52F0-BF12-4043-B772-DCCE92171C72}.Debug 1.9|Any CPU.ActiveCfg = Debug|Any CPU
		{D04D52F0-BF12-4043-B772-DCCE92171C72}.Debug 1.9|Any CPU.Build.0 = Debug|Any CPU
		{D04D52F0-BF12-4043-B772-DCCE92171C72}.Debug 1.9|Mixed Platforms.ActiveCfg = Debug|Any CPU
		{D04D52F0-BF12-4043-B772-DCCE92171C72}.Debug 1.9|Mixed Platforms.Build.0 = Debug|Any CPU
		{D04D52F0-BF12-4043-B772-DCCE92171C72}.Debug 1.9|x86.ActiveCfg = Debug|Any CPU
		{D04D52F0-BF12-4043-B772-DCCE92171C72}.Debug|.NET.ActiveCfg = Debug|Any CPU
		{D04D52F0-BF12-4043-B772-DCCE92171C72}.Debug|Any CPU.ActiveCfg = Debug|Any CPU
		{D04D52F0-BF12-4043-B772-DCCE92171C72}.Debug|Any CPU.Build.0 = Debug|Any CPU
		{D04D52F0-BF12-4043-B772-DCCE92171C72}.Debug|Mixed Platforms.ActiveCfg = Debug|Any CPU
		{D04D52F0-BF12-4043-B772-DCCE92171C72}.Debug|Mixed Platforms.Build.0 = Debug|Any CPU
		{D04D52F0-BF12-4043-B772-DCCE92171C72}.Debug|x86.ActiveCfg = Debug|Any CPU
		{D04D52F0-BF12-4043-B772-DCCE92171C72}.DebugSnk|.NET.ActiveCfg = Debug|Any CPU
		{D04D52F0-BF12-4043-B772-DCCE92171C72}.DebugSnk|Any CPU.ActiveCfg = Debug|Any CPU
		{D04D52F0-BF12-4043-B772-DCCE92171C72}.DebugSnk|Any CPU.Build.0 = Debug|Any CPU
		{D04D52F0-BF12-4043-B772-DCCE92171C72}.DebugSnk|Mixed Platforms.ActiveCfg = Debug|Any CPU
		{D04D52F0-BF12-4043-B772-DCCE92171C72}.DebugSnk|Mixed Platforms.Build.0 = Debug|Any CPU
		{D04D52F0-BF12-4043-B772-DCCE92171C72}.DebugSnk|x86.ActiveCfg = Debug|Any CPU
		{D04D52F0-BF12-4043-B772-DCCE92171C72}.Release_20|.NET.ActiveCfg = Release|Any CPU
		{D04D52F0-BF12-4043-B772-DCCE92171C72}.Release_20|Any CPU.ActiveCfg = Release|Any CPU
		{D04D52F0-BF12-4043-B772-DCCE92171C72}.Release_20|Any CPU.Build.0 = Release|Any CPU
		{D04D52F0-BF12-4043-B772-DCCE92171C72}.Release_20|Mixed Platforms.ActiveCfg = Release|Any CPU
		{D04D52F0-BF12-4043-B772-DCCE92171C72}.Release_20|Mixed Platforms.Build.0 = Release|Any CPU
		{D04D52F0-BF12-4043-B772-DCCE92171C72}.Release_20|x86.ActiveCfg = Release|Any CPU
		{D04D52F0-BF12-4043-B772-DCCE92171C72}.Release_Mono_w_Linux|.NET.ActiveCfg = Release|Any CPU
		{D04D52F0-BF12-4043-B772-DCCE92171C72}.Release_Mono_w_Linux|Any CPU.ActiveCfg = Release|Any CPU
		{D04D52F0-BF12-4043-B772-DCCE92171C72}.Release_Mono_w_Linux|Any CPU.Build.0 = Release|Any CPU
		{D04D52F0-BF12-4043-B772-DCCE92171C72}.Release_Mono_w_Linux|Mixed Platforms.ActiveCfg = Release|Any CPU
		{D04D52F0-BF12-4043-B772-DCCE92171C72}.Release_Mono_w_Linux|Mixed Platforms.Build.0 = Release|Any CPU
		{D04D52F0-BF12-4043-B772-DCCE92171C72}.Release_Mono_w_Linux|x86.ActiveCfg = Release|Any CPU
		{D04D52F0-BF12-4043-B772-DCCE92171C72}.Release|.NET.ActiveCfg = Release|Any CPU
		{D04D52F0-BF12-4043-B772-DCCE92171C72}.Release|Any CPU.ActiveCfg = Release|Any CPU
		{D04D52F0-BF12-4043-B772-DCCE92171C72}.Release|Any CPU.Build.0 = Release|Any CPU
		{D04D52F0-BF12-4043-B772-DCCE92171C72}.Release|Mixed Platforms.ActiveCfg = Release|Any CPU
		{D04D52F0-BF12-4043-B772-DCCE92171C72}.Release|Mixed Platforms.Build.0 = Release|Any CPU
		{D04D52F0-BF12-4043-B772-DCCE92171C72}.Release|x86.ActiveCfg = Release|Any CPU
		{D04D52F0-BF12-4043-B772-DCCE92171C72}.ReleaseSnk|.NET.ActiveCfg = Release|Any CPU
		{D04D52F0-BF12-4043-B772-DCCE92171C72}.ReleaseSnk|Any CPU.ActiveCfg = Release|Any CPU
		{D04D52F0-BF12-4043-B772-DCCE92171C72}.ReleaseSnk|Any CPU.Build.0 = Release|Any CPU
		{D04D52F0-BF12-4043-B772-DCCE92171C72}.ReleaseSnk|Mixed Platforms.ActiveCfg = Release|Any CPU
		{D04D52F0-BF12-4043-B772-DCCE92171C72}.ReleaseSnk|Mixed Platforms.Build.0 = Release|Any CPU
		{D04D52F0-BF12-4043-B772-DCCE92171C72}.ReleaseSnk|x86.ActiveCfg = Release|Any CPU
		{17704843-1114-4A18-B514-40EE4F79E313}.Debug - Mono Strict|.NET.ActiveCfg = Debug|x86
		{17704843-1114-4A18-B514-40EE4F79E313}.Debug - Mono Strict|Any CPU.ActiveCfg = Debug|x86
		{17704843-1114-4A18-B514-40EE4F79E313}.Debug - Mono Strict|Mixed Platforms.ActiveCfg = Debug|x86
		{17704843-1114-4A18-B514-40EE4F79E313}.Debug - Mono Strict|Mixed Platforms.Build.0 = Debug|x86
		{17704843-1114-4A18-B514-40EE4F79E313}.Debug - Mono Strict|x86.ActiveCfg = Debug|x86
		{17704843-1114-4A18-B514-40EE4F79E313}.Debug - Mono Strict|x86.Build.0 = Debug|x86
		{17704843-1114-4A18-B514-40EE4F79E313}.Debug 1.8|.NET.ActiveCfg = Debug|x86
		{17704843-1114-4A18-B514-40EE4F79E313}.Debug 1.8|Any CPU.ActiveCfg = Debug|x86
		{17704843-1114-4A18-B514-40EE4F79E313}.Debug 1.8|Mixed Platforms.ActiveCfg = Debug|x86
		{17704843-1114-4A18-B514-40EE4F79E313}.Debug 1.8|Mixed Platforms.Build.0 = Debug|x86
		{17704843-1114-4A18-B514-40EE4F79E313}.Debug 1.8|x86.ActiveCfg = Debug|x86
		{17704843-1114-4A18-B514-40EE4F79E313}.Debug 1.8|x86.Build.0 = Debug|x86
		{17704843-1114-4A18-B514-40EE4F79E313}.Debug 1.9|.NET.ActiveCfg = Debug|x86
		{17704843-1114-4A18-B514-40EE4F79E313}.Debug 1.9|Any CPU.ActiveCfg = Debug|x86
		{17704843-1114-4A18-B514-40EE4F79E313}.Debug 1.9|Mixed Platforms.ActiveCfg = Debug|x86
		{17704843-1114-4A18-B514-40EE4F79E313}.Debug 1.9|Mixed Platforms.Build.0 = Debug|x86
		{17704843-1114-4A18-B514-40EE4F79E313}.Debug 1.9|x86.ActiveCfg = Debug|x86
		{17704843-1114-4A18-B514-40EE4F79E313}.Debug 1.9|x86.Build.0 = Debug|x86
		{17704843-1114-4A18-B514-40EE4F79E313}.Debug|.NET.ActiveCfg = Debug|x86
		{17704843-1114-4A18-B514-40EE4F79E313}.Debug|Any CPU.ActiveCfg = Debug|x86
		{17704843-1114-4A18-B514-40EE4F79E313}.Debug|Mixed Platforms.ActiveCfg = Debug|x86
		{17704843-1114-4A18-B514-40EE4F79E313}.Debug|Mixed Platforms.Build.0 = Debug|x86
		{17704843-1114-4A18-B514-40EE4F79E313}.Debug|x86.ActiveCfg = Debug|x86
		{17704843-1114-4A18-B514-40EE4F79E313}.Debug|x86.Build.0 = Debug|x86
		{17704843-1114-4A18-B514-40EE4F79E313}.DebugSnk|.NET.ActiveCfg = Debug|x86
		{17704843-1114-4A18-B514-40EE4F79E313}.DebugSnk|Any CPU.ActiveCfg = Debug|x86
		{17704843-1114-4A18-B514-40EE4F79E313}.DebugSnk|Mixed Platforms.ActiveCfg = Debug|x86
		{17704843-1114-4A18-B514-40EE4F79E313}.DebugSnk|Mixed Platforms.Build.0 = Debug|x86
		{17704843-1114-4A18-B514-40EE4F79E313}.DebugSnk|x86.ActiveCfg = Debug|x86
		{17704843-1114-4A18-B514-40EE4F79E313}.DebugSnk|x86.Build.0 = Debug|x86
		{17704843-1114-4A18-B514-40EE4F79E313}.Release_20|.NET.ActiveCfg = Release|x86
		{17704843-1114-4A18-B514-40EE4F79E313}.Release_20|Any CPU.ActiveCfg = Release|x86
		{17704843-1114-4A18-B514-40EE4F79E313}.Release_20|Mixed Platforms.ActiveCfg = Release|x86
		{17704843-1114-4A18-B514-40EE4F79E313}.Release_20|Mixed Platforms.Build.0 = Release|x86
		{17704843-1114-4A18-B514-40EE4F79E313}.Release_20|x86.ActiveCfg = Release|x86
		{17704843-1114-4A18-B514-40EE4F79E313}.Release_20|x86.Build.0 = Release|x86
		{17704843-1114-4A18-B514-40EE4F79E313}.Release_Mono_w_Linux|.NET.ActiveCfg = Release|x86
		{17704843-1114-4A18-B514-40EE4F79E313}.Release_Mono_w_Linux|Any CPU.ActiveCfg = Release|x86
		{17704843-1114-4A18-B514-40EE4F79E313}.Release_Mono_w_Linux|Mixed Platforms.ActiveCfg = Release|x86
		{17704843-1114-4A18-B514-40EE4F79E313}.Release_Mono_w_Linux|Mixed Platforms.Build.0 = Release|x86
		{17704843-1114-4A18-B514-40EE4F79E313}.Release_Mono_w_Linux|x86.ActiveCfg = Release|x86
		{17704843-1114-4A18-B514-40EE4F79E313}.Release_Mono_w_Linux|x86.Build.0 = Release|x86
		{17704843-1114-4A18-B514-40EE4F79E313}.Release|.NET.ActiveCfg = Release|x86
		{17704843-1114-4A18-B514-40EE4F79E313}.Release|Any CPU.ActiveCfg = Release|x86
		{17704843-1114-4A18-B514-40EE4F79E313}.Release|Mixed Platforms.ActiveCfg = Release|x86
		{17704843-1114-4A18-B514-40EE4F79E313}.Release|Mixed Platforms.Build.0 = Release|x86
		{17704843-1114-4A18-B514-40EE4F79E313}.Release|x86.ActiveCfg = Release|x86
		{17704843-1114-4A18-B514-40EE4F79E313}.Release|x86.Build.0 = Release|x86
		{17704843-1114-4A18-B514-40EE4F79E313}.ReleaseSnk|.NET.ActiveCfg = Release|x86
		{17704843-1114-4A18-B514-40EE4F79E313}.ReleaseSnk|Any CPU.ActiveCfg = Release|x86
		{17704843-1114-4A18-B514-40EE4F79E313}.ReleaseSnk|Mixed Platforms.ActiveCfg = Release|x86
		{17704843-1114-4A18-B514-40EE4F79E313}.ReleaseSnk|Mixed Platforms.Build.0 = Release|x86
		{17704843-1114-4A18-B514-40EE4F79E313}.ReleaseSnk|x86.ActiveCfg = Release|x86
		{17704843-1114-4A18-B514-40EE4F79E313}.ReleaseSnk|x86.Build.0 = Release|x86
		{877D1A24-2D5E-4C46-A933-FCF11EA0403B}.Debug - Mono Strict|.NET.ActiveCfg = Debug 1.8|Any CPU
		{877D1A24-2D5E-4C46-A933-FCF11EA0403B}.Debug - Mono Strict|Any CPU.ActiveCfg = Debug 1.8|Any CPU
		{877D1A24-2D5E-4C46-A933-FCF11EA0403B}.Debug - Mono Strict|Any CPU.Build.0 = Debug 1.8|Any CPU
		{877D1A24-2D5E-4C46-A933-FCF11EA0403B}.Debug - Mono Strict|Mixed Platforms.ActiveCfg = Debug 1.8|Any CPU
		{877D1A24-2D5E-4C46-A933-FCF11EA0403B}.Debug - Mono Strict|Mixed Platforms.Build.0 = Debug 1.8|Any CPU
		{877D1A24-2D5E-4C46-A933-FCF11EA0403B}.Debug - Mono Strict|x86.ActiveCfg = Debug 1.8|Any CPU
		{877D1A24-2D5E-4C46-A933-FCF11EA0403B}.Debug 1.8|.NET.ActiveCfg = Debug 1.8|Any CPU
		{877D1A24-2D5E-4C46-A933-FCF11EA0403B}.Debug 1.8|Any CPU.ActiveCfg = Debug 1.8|Any CPU
		{877D1A24-2D5E-4C46-A933-FCF11EA0403B}.Debug 1.8|Any CPU.Build.0 = Debug 1.8|Any CPU
		{877D1A24-2D5E-4C46-A933-FCF11EA0403B}.Debug 1.8|Mixed Platforms.ActiveCfg = Debug 1.8|Any CPU
		{877D1A24-2D5E-4C46-A933-FCF11EA0403B}.Debug 1.8|Mixed Platforms.Build.0 = Debug 1.8|Any CPU
		{877D1A24-2D5E-4C46-A933-FCF11EA0403B}.Debug 1.8|x86.ActiveCfg = Debug 1.8|Any CPU
		{877D1A24-2D5E-4C46-A933-FCF11EA0403B}.Debug 1.9|.NET.ActiveCfg = Debug 1.8|Any CPU
		{877D1A24-2D5E-4C46-A933-FCF11EA0403B}.Debug 1.9|Any CPU.ActiveCfg = Debug 1.8|Any CPU
		{877D1A24-2D5E-4C46-A933-FCF11EA0403B}.Debug 1.9|Any CPU.Build.0 = Debug 1.8|Any CPU
		{877D1A24-2D5E-4C46-A933-FCF11EA0403B}.Debug 1.9|Mixed Platforms.ActiveCfg = Debug 1.8|Any CPU
		{877D1A24-2D5E-4C46-A933-FCF11EA0403B}.Debug 1.9|Mixed Platforms.Build.0 = Debug 1.8|Any CPU
		{877D1A24-2D5E-4C46-A933-FCF11EA0403B}.Debug 1.9|x86.ActiveCfg = Debug 1.8|Any CPU
		{877D1A24-2D5E-4C46-A933-FCF11EA0403B}.Debug|.NET.ActiveCfg = Debug|Any CPU
		{877D1A24-2D5E-4C46-A933-FCF11EA0403B}.Debug|Any CPU.ActiveCfg = Debug|Any CPU
		{877D1A24-2D5E-4C46-A933-FCF11EA0403B}.Debug|Any CPU.Build.0 = Debug|Any CPU
		{877D1A24-2D5E-4C46-A933-FCF11EA0403B}.Debug|Mixed Platforms.ActiveCfg = Debug|Any CPU
		{877D1A24-2D5E-4C46-A933-FCF11EA0403B}.Debug|Mixed Platforms.Build.0 = Debug|Any CPU
		{877D1A24-2D5E-4C46-A933-FCF11EA0403B}.Debug|x86.ActiveCfg = Debug|Any CPU
		{877D1A24-2D5E-4C46-A933-FCF11EA0403B}.DebugSnk|.NET.ActiveCfg = Debug 1.8|Any CPU
		{877D1A24-2D5E-4C46-A933-FCF11EA0403B}.DebugSnk|Any CPU.ActiveCfg = Debug 1.8|Any CPU
		{877D1A24-2D5E-4C46-A933-FCF11EA0403B}.DebugSnk|Any CPU.Build.0 = Debug 1.8|Any CPU
		{877D1A24-2D5E-4C46-A933-FCF11EA0403B}.DebugSnk|Mixed Platforms.ActiveCfg = Debug 1.8|Any CPU
		{877D1A24-2D5E-4C46-A933-FCF11EA0403B}.DebugSnk|Mixed Platforms.Build.0 = Debug 1.8|Any CPU
		{877D1A24-2D5E-4C46-A933-FCF11EA0403B}.DebugSnk|x86.ActiveCfg = Debug 1.8|Any CPU
		{877D1A24-2D5E-4C46-A933-FCF11EA0403B}.Release_20|.NET.ActiveCfg = Release|Any CPU
		{877D1A24-2D5E-4C46-A933-FCF11EA0403B}.Release_20|Any CPU.ActiveCfg = Release|Any CPU
		{877D1A24-2D5E-4C46-A933-FCF11EA0403B}.Release_20|Any CPU.Build.0 = Release|Any CPU
		{877D1A24-2D5E-4C46-A933-FCF11EA0403B}.Release_20|Mixed Platforms.ActiveCfg = Release|Any CPU
		{877D1A24-2D5E-4C46-A933-FCF11EA0403B}.Release_20|Mixed Platforms.Build.0 = Release|Any CPU
		{877D1A24-2D5E-4C46-A933-FCF11EA0403B}.Release_20|x86.ActiveCfg = Release|Any CPU
		{877D1A24-2D5E-4C46-A933-FCF11EA0403B}.Release_Mono_w_Linux|.NET.ActiveCfg = Release|Any CPU
		{877D1A24-2D5E-4C46-A933-FCF11EA0403B}.Release_Mono_w_Linux|Any CPU.ActiveCfg = Release|Any CPU
		{877D1A24-2D5E-4C46-A933-FCF11EA0403B}.Release_Mono_w_Linux|Any CPU.Build.0 = Release|Any CPU
		{877D1A24-2D5E-4C46-A933-FCF11EA0403B}.Release_Mono_w_Linux|Mixed Platforms.ActiveCfg = Release|Any CPU
		{877D1A24-2D5E-4C46-A933-FCF11EA0403B}.Release_Mono_w_Linux|Mixed Platforms.Build.0 = Release|Any CPU
		{877D1A24-2D5E-4C46-A933-FCF11EA0403B}.Release_Mono_w_Linux|x86.ActiveCfg = Release|Any CPU
		{877D1A24-2D5E-4C46-A933-FCF11EA0403B}.Release|.NET.ActiveCfg = Release|Any CPU
		{877D1A24-2D5E-4C46-A933-FCF11EA0403B}.Release|Any CPU.ActiveCfg = Release|Any CPU
		{877D1A24-2D5E-4C46-A933-FCF11EA0403B}.Release|Any CPU.Build.0 = Release|Any CPU
		{877D1A24-2D5E-4C46-A933-FCF11EA0403B}.Release|Mixed Platforms.ActiveCfg = Release|Any CPU
		{877D1A24-2D5E-4C46-A933-FCF11EA0403B}.Release|Mixed Platforms.Build.0 = Release|Any CPU
		{877D1A24-2D5E-4C46-A933-FCF11EA0403B}.Release|x86.ActiveCfg = Release|Any CPU
		{877D1A24-2D5E-4C46-A933-FCF11EA0403B}.ReleaseSnk|.NET.ActiveCfg = Release|Any CPU
		{877D1A24-2D5E-4C46-A933-FCF11EA0403B}.ReleaseSnk|Any CPU.ActiveCfg = Release|Any CPU
		{877D1A24-2D5E-4C46-A933-FCF11EA0403B}.ReleaseSnk|Any CPU.Build.0 = Release|Any CPU
		{877D1A24-2D5E-4C46-A933-FCF11EA0403B}.ReleaseSnk|Mixed Platforms.ActiveCfg = Release|Any CPU
		{877D1A24-2D5E-4C46-A933-FCF11EA0403B}.ReleaseSnk|Mixed Platforms.Build.0 = Release|Any CPU
		{877D1A24-2D5E-4C46-A933-FCF11EA0403B}.ReleaseSnk|x86.ActiveCfg = Release|Any CPU
		{600CD3BF-2ED2-4183-87F7-ADD78A968AE0}.Debug - Mono Strict|.NET.ActiveCfg = Debug|Any CPU
		{600CD3BF-2ED2-4183-87F7-ADD78A968AE0}.Debug - Mono Strict|Any CPU.ActiveCfg = Debug|Any CPU
		{600CD3BF-2ED2-4183-87F7-ADD78A968AE0}.Debug - Mono Strict|Any CPU.Build.0 = Debug|Any CPU
		{600CD3BF-2ED2-4183-87F7-ADD78A968AE0}.Debug - Mono Strict|Mixed Platforms.ActiveCfg = Debug|Any CPU
		{600CD3BF-2ED2-4183-87F7-ADD78A968AE0}.Debug - Mono Strict|Mixed Platforms.Build.0 = Debug|Any CPU
		{600CD3BF-2ED2-4183-87F7-ADD78A968AE0}.Debug - Mono Strict|x86.ActiveCfg = Debug|Any CPU
		{600CD3BF-2ED2-4183-87F7-ADD78A968AE0}.Debug 1.8|.NET.ActiveCfg = Debug|Any CPU
		{600CD3BF-2ED2-4183-87F7-ADD78A968AE0}.Debug 1.8|Any CPU.ActiveCfg = Debug|Any CPU
		{600CD3BF-2ED2-4183-87F7-ADD78A968AE0}.Debug 1.8|Any CPU.Build.0 = Debug|Any CPU
		{600CD3BF-2ED2-4183-87F7-ADD78A968AE0}.Debug 1.8|Mixed Platforms.ActiveCfg = Debug|Any CPU
		{600CD3BF-2ED2-4183-87F7-ADD78A968AE0}.Debug 1.8|Mixed Platforms.Build.0 = Debug|Any CPU
		{600CD3BF-2ED2-4183-87F7-ADD78A968AE0}.Debug 1.8|x86.ActiveCfg = Debug|Any CPU
		{600CD3BF-2ED2-4183-87F7-ADD78A968AE0}.Debug 1.9|.NET.ActiveCfg = Debug|Any CPU
		{600CD3BF-2ED2-4183-87F7-ADD78A968AE0}.Debug 1.9|Any CPU.ActiveCfg = Debug|Any CPU
		{600CD3BF-2ED2-4183-87F7-ADD78A968AE0}.Debug 1.9|Any CPU.Build.0 = Debug|Any CPU
		{600CD3BF-2ED2-4183-87F7-ADD78A968AE0}.Debug 1.9|Mixed Platforms.ActiveCfg = Debug|Any CPU
		{600CD3BF-2ED2-4183-87F7-ADD78A968AE0}.Debug 1.9|Mixed Platforms.Build.0 = Debug|Any CPU
		{600CD3BF-2ED2-4183-87F7-ADD78A968AE0}.Debug 1.9|x86.ActiveCfg = Debug|Any CPU
		{600CD3BF-2ED2-4183-87F7-ADD78A968AE0}.Debug|.NET.ActiveCfg = Debug|Any CPU
		{600CD3BF-2ED2-4183-87F7-ADD78A968AE0}.Debug|Any CPU.ActiveCfg = Debug|Any CPU
		{600CD3BF-2ED2-4183-87F7-ADD78A968AE0}.Debug|Any CPU.Build.0 = Debug|Any CPU
		{600CD3BF-2ED2-4183-87F7-ADD78A968AE0}.Debug|Mixed Platforms.ActiveCfg = Debug|Any CPU
		{600CD3BF-2ED2-4183-87F7-ADD78A968AE0}.Debug|Mixed Platforms.Build.0 = Debug|Any CPU
		{600CD3BF-2ED2-4183-87F7-ADD78A968AE0}.Debug|x86.ActiveCfg = Debug|Any CPU
		{600CD3BF-2ED2-4183-87F7-ADD78A968AE0}.DebugSnk|.NET.ActiveCfg = Debug|Any CPU
		{600CD3BF-2ED2-4183-87F7-ADD78A968AE0}.DebugSnk|Any CPU.ActiveCfg = Debug|Any CPU
		{600CD3BF-2ED2-4183-87F7-ADD78A968AE0}.DebugSnk|Any CPU.Build.0 = Debug|Any CPU
		{600CD3BF-2ED2-4183-87F7-ADD78A968AE0}.DebugSnk|Mixed Platforms.ActiveCfg = Debug|Any CPU
		{600CD3BF-2ED2-4183-87F7-ADD78A968AE0}.DebugSnk|Mixed Platforms.Build.0 = Debug|Any CPU
		{600CD3BF-2ED2-4183-87F7-ADD78A968AE0}.DebugSnk|x86.ActiveCfg = Debug|Any CPU
		{600CD3BF-2ED2-4183-87F7-ADD78A968AE0}.Release_20|.NET.ActiveCfg = Release|Any CPU
		{600CD3BF-2ED2-4183-87F7-ADD78A968AE0}.Release_20|Any CPU.ActiveCfg = Release|Any CPU
		{600CD3BF-2ED2-4183-87F7-ADD78A968AE0}.Release_20|Any CPU.Build.0 = Release|Any CPU
		{600CD3BF-2ED2-4183-87F7-ADD78A968AE0}.Release_20|Mixed Platforms.ActiveCfg = Release|Any CPU
		{600CD3BF-2ED2-4183-87F7-ADD78A968AE0}.Release_20|Mixed Platforms.Build.0 = Release|Any CPU
		{600CD3BF-2ED2-4183-87F7-ADD78A968AE0}.Release_20|x86.ActiveCfg = Release|Any CPU
		{600CD3BF-2ED2-4183-87F7-ADD78A968AE0}.Release_Mono_w_Linux|.NET.ActiveCfg = Release|Any CPU
		{600CD3BF-2ED2-4183-87F7-ADD78A968AE0}.Release_Mono_w_Linux|Any CPU.ActiveCfg = Release|Any CPU
		{600CD3BF-2ED2-4183-87F7-ADD78A968AE0}.Release_Mono_w_Linux|Any CPU.Build.0 = Release|Any CPU
		{600CD3BF-2ED2-4183-87F7-ADD78A968AE0}.Release_Mono_w_Linux|Mixed Platforms.ActiveCfg = Release|Any CPU
		{600CD3BF-2ED2-4183-87F7-ADD78A968AE0}.Release_Mono_w_Linux|Mixed Platforms.Build.0 = Release|Any CPU
		{600CD3BF-2ED2-4183-87F7-ADD78A968AE0}.Release_Mono_w_Linux|x86.ActiveCfg = Release|Any CPU
		{600CD3BF-2ED2-4183-87F7-ADD78A968AE0}.Release|.NET.ActiveCfg = Release|Any CPU
		{600CD3BF-2ED2-4183-87F7-ADD78A968AE0}.Release|Any CPU.ActiveCfg = Release|Any CPU
		{600CD3BF-2ED2-4183-87F7-ADD78A968AE0}.Release|Any CPU.Build.0 = Release|Any CPU
		{600CD3BF-2ED2-4183-87F7-ADD78A968AE0}.Release|Mixed Platforms.ActiveCfg = Release|Any CPU
		{600CD3BF-2ED2-4183-87F7-ADD78A968AE0}.Release|Mixed Platforms.Build.0 = Release|Any CPU
		{600CD3BF-2ED2-4183-87F7-ADD78A968AE0}.Release|x86.ActiveCfg = Release|Any CPU
		{600CD3BF-2ED2-4183-87F7-ADD78A968AE0}.ReleaseSnk|.NET.ActiveCfg = Release|Any CPU
		{600CD3BF-2ED2-4183-87F7-ADD78A968AE0}.ReleaseSnk|Any CPU.ActiveCfg = Release|Any CPU
		{600CD3BF-2ED2-4183-87F7-ADD78A968AE0}.ReleaseSnk|Any CPU.Build.0 = Release|Any CPU
		{600CD3BF-2ED2-4183-87F7-ADD78A968AE0}.ReleaseSnk|Mixed Platforms.ActiveCfg = Release|Any CPU
		{600CD3BF-2ED2-4183-87F7-ADD78A968AE0}.ReleaseSnk|Mixed Platforms.Build.0 = Release|Any CPU
		{600CD3BF-2ED2-4183-87F7-ADD78A968AE0}.ReleaseSnk|x86.ActiveCfg = Release|Any CPU
		{23531440-0922-43EB-A483-6592FFC2F093}.Debug - Mono Strict|.NET.ActiveCfg = Debug|Any CPU
		{23531440-0922-43EB-A483-6592FFC2F093}.Debug - Mono Strict|Any CPU.ActiveCfg = Debug|Any CPU
		{23531440-0922-43EB-A483-6592FFC2F093}.Debug - Mono Strict|Any CPU.Build.0 = Debug|Any CPU
		{23531440-0922-43EB-A483-6592FFC2F093}.Debug - Mono Strict|Mixed Platforms.ActiveCfg = Debug|Any CPU
		{23531440-0922-43EB-A483-6592FFC2F093}.Debug - Mono Strict|Mixed Platforms.Build.0 = Debug|Any CPU
		{23531440-0922-43EB-A483-6592FFC2F093}.Debug - Mono Strict|x86.ActiveCfg = Debug|Any CPU
		{23531440-0922-43EB-A483-6592FFC2F093}.Debug 1.8|.NET.ActiveCfg = Debug|Any CPU
		{23531440-0922-43EB-A483-6592FFC2F093}.Debug 1.8|Any CPU.ActiveCfg = Debug|Any CPU
		{23531440-0922-43EB-A483-6592FFC2F093}.Debug 1.8|Any CPU.Build.0 = Debug|Any CPU
		{23531440-0922-43EB-A483-6592FFC2F093}.Debug 1.8|Mixed Platforms.ActiveCfg = Debug|Any CPU
		{23531440-0922-43EB-A483-6592FFC2F093}.Debug 1.8|Mixed Platforms.Build.0 = Debug|Any CPU
		{23531440-0922-43EB-A483-6592FFC2F093}.Debug 1.8|x86.ActiveCfg = Debug|Any CPU
		{23531440-0922-43EB-A483-6592FFC2F093}.Debug 1.9|.NET.ActiveCfg = Debug|Any CPU
		{23531440-0922-43EB-A483-6592FFC2F093}.Debug 1.9|Any CPU.ActiveCfg = Debug|Any CPU
		{23531440-0922-43EB-A483-6592FFC2F093}.Debug 1.9|Any CPU.Build.0 = Debug|Any CPU
		{23531440-0922-43EB-A483-6592FFC2F093}.Debug 1.9|Mixed Platforms.ActiveCfg = Debug|Any CPU
		{23531440-0922-43EB-A483-6592FFC2F093}.Debug 1.9|Mixed Platforms.Build.0 = Debug|Any CPU
		{23531440-0922-43EB-A483-6592FFC2F093}.Debug 1.9|x86.ActiveCfg = Debug|Any CPU
		{23531440-0922-43EB-A483-6592FFC2F093}.Debug|.NET.ActiveCfg = Debug|Any CPU
		{23531440-0922-43EB-A483-6592FFC2F093}.Debug|Any CPU.ActiveCfg = Debug|Any CPU
		{23531440-0922-43EB-A483-6592FFC2F093}.Debug|Any CPU.Build.0 = Debug|Any CPU
		{23531440-0922-43EB-A483-6592FFC2F093}.Debug|Mixed Platforms.ActiveCfg = Debug|Any CPU
		{23531440-0922-43EB-A483-6592FFC2F093}.Debug|Mixed Platforms.Build.0 = Debug|Any CPU
		{23531440-0922-43EB-A483-6592FFC2F093}.Debug|x86.ActiveCfg = Debug|Any CPU
		{23531440-0922-43EB-A483-6592FFC2F093}.DebugSnk|.NET.ActiveCfg = Debug|Any CPU
		{23531440-0922-43EB-A483-6592FFC2F093}.DebugSnk|Any CPU.ActiveCfg = Debug|Any CPU
		{23531440-0922-43EB-A483-6592FFC2F093}.DebugSnk|Any CPU.Build.0 = Debug|Any CPU
		{23531440-0922-43EB-A483-6592FFC2F093}.DebugSnk|Mixed Platforms.ActiveCfg = Debug|Any CPU
		{23531440-0922-43EB-A483-6592FFC2F093}.DebugSnk|Mixed Platforms.Build.0 = Debug|Any CPU
		{23531440-0922-43EB-A483-6592FFC2F093}.DebugSnk|x86.ActiveCfg = Debug|Any CPU
		{23531440-0922-43EB-A483-6592FFC2F093}.Release_20|.NET.ActiveCfg = Release|Any CPU
		{23531440-0922-43EB-A483-6592FFC2F093}.Release_20|Any CPU.ActiveCfg = Release|Any CPU
		{23531440-0922-43EB-A483-6592FFC2F093}.Release_20|Any CPU.Build.0 = Release|Any CPU
		{23531440-0922-43EB-A483-6592FFC2F093}.Release_20|Mixed Platforms.ActiveCfg = Release|Any CPU
		{23531440-0922-43EB-A483-6592FFC2F093}.Release_20|Mixed Platforms.Build.0 = Release|Any CPU
		{23531440-0922-43EB-A483-6592FFC2F093}.Release_20|x86.ActiveCfg = Release|Any CPU
		{23531440-0922-43EB-A483-6592FFC2F093}.Release_Mono_w_Linux|.NET.ActiveCfg = Release|Any CPU
		{23531440-0922-43EB-A483-6592FFC2F093}.Release_Mono_w_Linux|Any CPU.ActiveCfg = Release|Any CPU
		{23531440-0922-43EB-A483-6592FFC2F093}.Release_Mono_w_Linux|Any CPU.Build.0 = Release|Any CPU
		{23531440-0922-43EB-A483-6592FFC2F093}.Release_Mono_w_Linux|Mixed Platforms.ActiveCfg = Release|Any CPU
		{23531440-0922-43EB-A483-6592FFC2F093}.Release_Mono_w_Linux|Mixed Platforms.Build.0 = Release|Any CPU
		{23531440-0922-43EB-A483-6592FFC2F093}.Release_Mono_w_Linux|x86.ActiveCfg = Release|Any CPU
		{23531440-0922-43EB-A483-6592FFC2F093}.Release|.NET.ActiveCfg = Release|Any CPU
		{23531440-0922-43EB-A483-6592FFC2F093}.Release|Any CPU.ActiveCfg = Release|Any CPU
		{23531440-0922-43EB-A483-6592FFC2F093}.Release|Any CPU.Build.0 = Release|Any CPU
		{23531440-0922-43EB-A483-6592FFC2F093}.Release|Mixed Platforms.ActiveCfg = Release|Any CPU
		{23531440-0922-43EB-A483-6592FFC2F093}.Release|Mixed Platforms.Build.0 = Release|Any CPU
		{23531440-0922-43EB-A483-6592FFC2F093}.Release|x86.ActiveCfg = Release|Any CPU
		{23531440-0922-43EB-A483-6592FFC2F093}.ReleaseSnk|.NET.ActiveCfg = Release|Any CPU
		{23531440-0922-43EB-A483-6592FFC2F093}.ReleaseSnk|Any CPU.ActiveCfg = Release|Any CPU
		{23531440-0922-43EB-A483-6592FFC2F093}.ReleaseSnk|Any CPU.Build.0 = Release|Any CPU
		{23531440-0922-43EB-A483-6592FFC2F093}.ReleaseSnk|Mixed Platforms.ActiveCfg = Release|Any CPU
		{23531440-0922-43EB-A483-6592FFC2F093}.ReleaseSnk|Mixed Platforms.Build.0 = Release|Any CPU
		{23531440-0922-43EB-A483-6592FFC2F093}.ReleaseSnk|x86.ActiveCfg = Release|Any CPU
	EndGlobalSection
	GlobalSection(SolutionProperties) = preSolution
		HideSolutionNode = FALSE
	EndGlobalSection
EndGlobal
