
Microsoft Visual Studio Solution File, Format Version 10.00
# Visual Studio 2008
# SharpDevelop 3.1.0.4077
Project("{FAE04EC0-301F-11D3-BF4B-00C04F79EFBC}") = "Limaki.Core", "Limaki.Core\Limaki.Core.csproj", "{B28433E8-BBA2-4CB5-A7A2-10AE6AEDDFB7}"
EndProject
Project("{FAE04EC0-301F-11D3-BF4B-00C04F79EFBC}") = "Limaki.Db4o", "Limaki.db4o\Limaki.Db4o.csproj", "{0EBC08E0-30D8-4D26-ABF4-0AADFA3AF422}"
EndProject
Project("{FAE04EC0-301F-11D3-BF4B-00C04F79EFBC}") = "Limaki.View", "Limaki.View\Limaki.View.csproj", "{5E2A280D-1F53-44E5-AAA3-6BDBA2B51094}"
EndProject
Project("{FAE04EC0-301F-11D3-BF4B-00C04F79EFBC}") = "Limaki.Winform", "Limaki.Winform\Limaki.Winform.csproj", "{8AAF9C71-4BCC-4F26-87F1-BBEE31AD6C84}"
EndProject
Project("{FAE04EC0-301F-11D3-BF4B-00C04F79EFBC}") = "Limaki.Tests", "Limaki.Tests\Limaki.Tests.csproj", "{B1BC3EF8-5EC7-491A-BA83-70CB38F1823F}"
EndProject
Project("{FAE04EC0-301F-11D3-BF4B-00C04F79EFBC}") = "Limaki.Application", "Limaki.Application\Limaki.Application.csproj", "{911D5CE3-3585-46E3-96B0-AA614DF2C49E}"
EndProject
Project("{2150E333-8FDC-42A3-9474-1A3956D46DE8}") = "Solution Items", "Solution Items", "{B052FD29-7829-44B5-BCB3-ECBF2C1E4A65}"
	ProjectSection(SolutionItems) = preProject
		Limada.vsmdi = Limada.vsmdi
		LocalTestRun.testrunconfig = LocalTestRun.testrunconfig
	EndProjectSection
EndProject
Global
	GlobalSection(TestCaseManagementSettings) = postSolution
		CategoryFile = Limada.vsmdi
	EndGlobalSection
	GlobalSection(SolutionConfigurationPlatforms) = preSolution
		Debug 1.8|.NET = Debug 1.8|.NET
		Debug 1.8|Any CPU = Debug 1.8|Any CPU
		Debug 1.8|Mixed Platforms = Debug 1.8|Mixed Platforms
		Debug|.NET = Debug|.NET
		Debug|Any CPU = Debug|Any CPU
		Debug|Mixed Platforms = Debug|Mixed Platforms
		DebugSnk|.NET = DebugSnk|.NET
		DebugSnk|Any CPU = DebugSnk|Any CPU
		DebugSnk|Mixed Platforms = DebugSnk|Mixed Platforms
		Release|.NET = Release|.NET
		Release|Any CPU = Release|Any CPU
		Release|Mixed Platforms = Release|Mixed Platforms
		ReleaseSnk|.NET = ReleaseSnk|.NET
		ReleaseSnk|Any CPU = ReleaseSnk|Any CPU
		ReleaseSnk|Mixed Platforms = ReleaseSnk|Mixed Platforms
	EndGlobalSection
	GlobalSection(ProjectConfigurationPlatforms) = postSolution
		{B28433E8-BBA2-4CB5-A7A2-10AE6AEDDFB7}.Debug 1.8|.NET.ActiveCfg = Debug|Any CPU
		{B28433E8-BBA2-4CB5-A7A2-10AE6AEDDFB7}.Debug 1.8|Any CPU.ActiveCfg = Debug|Any CPU
		{B28433E8-BBA2-4CB5-A7A2-10AE6AEDDFB7}.Debug 1.8|Any CPU.Build.0 = Debug|Any CPU
		{B28433E8-BBA2-4CB5-A7A2-10AE6AEDDFB7}.Debug 1.8|Mixed Platforms.ActiveCfg = Debug|Any CPU
		{B28433E8-BBA2-4CB5-A7A2-10AE6AEDDFB7}.Debug 1.8|Mixed Platforms.Build.0 = Debug|Any CPU
		{B28433E8-BBA2-4CB5-A7A2-10AE6AEDDFB7}.Debug|.NET.ActiveCfg = Debug|Any CPU
		{B28433E8-BBA2-4CB5-A7A2-10AE6AEDDFB7}.Debug|Any CPU.ActiveCfg = Debug|Any CPU
		{B28433E8-BBA2-4CB5-A7A2-10AE6AEDDFB7}.Debug|Any CPU.Build.0 = Debug|Any CPU
		{B28433E8-BBA2-4CB5-A7A2-10AE6AEDDFB7}.Debug|Mixed Platforms.ActiveCfg = Debug|Any CPU
		{B28433E8-BBA2-4CB5-A7A2-10AE6AEDDFB7}.Debug|Mixed Platforms.Build.0 = Debug|Any CPU
		{B28433E8-BBA2-4CB5-A7A2-10AE6AEDDFB7}.DebugSnk|.NET.ActiveCfg = Debug|Any CPU
		{B28433E8-BBA2-4CB5-A7A2-10AE6AEDDFB7}.DebugSnk|Any CPU.ActiveCfg = Debug|Any CPU
		{B28433E8-BBA2-4CB5-A7A2-10AE6AEDDFB7}.DebugSnk|Any CPU.Build.0 = Debug|Any CPU
		{B28433E8-BBA2-4CB5-A7A2-10AE6AEDDFB7}.DebugSnk|Mixed Platforms.ActiveCfg = Debug|Any CPU
		{B28433E8-BBA2-4CB5-A7A2-10AE6AEDDFB7}.DebugSnk|Mixed Platforms.Build.0 = Debug|Any CPU
		{B28433E8-BBA2-4CB5-A7A2-10AE6AEDDFB7}.Release|.NET.ActiveCfg = Release|Any CPU
		{B28433E8-BBA2-4CB5-A7A2-10AE6AEDDFB7}.Release|Any CPU.ActiveCfg = Release|Any CPU
		{B28433E8-BBA2-4CB5-A7A2-10AE6AEDDFB7}.Release|Any CPU.Build.0 = Release|Any CPU
		{B28433E8-BBA2-4CB5-A7A2-10AE6AEDDFB7}.Release|Mixed Platforms.ActiveCfg = Release|Any CPU
		{B28433E8-BBA2-4CB5-A7A2-10AE6AEDDFB7}.Release|Mixed Platforms.Build.0 = Release|Any CPU
		{B28433E8-BBA2-4CB5-A7A2-10AE6AEDDFB7}.ReleaseSnk|.NET.ActiveCfg = Release|Any CPU
		{B28433E8-BBA2-4CB5-A7A2-10AE6AEDDFB7}.ReleaseSnk|Any CPU.ActiveCfg = Release|Any CPU
		{B28433E8-BBA2-4CB5-A7A2-10AE6AEDDFB7}.ReleaseSnk|Any CPU.Build.0 = Release|Any CPU
		{B28433E8-BBA2-4CB5-A7A2-10AE6AEDDFB7}.ReleaseSnk|Mixed Platforms.ActiveCfg = Release|Any CPU
		{B28433E8-BBA2-4CB5-A7A2-10AE6AEDDFB7}.ReleaseSnk|Mixed Platforms.Build.0 = Release|Any CPU
		{0EBC08E0-30D8-4D26-ABF4-0AADFA3AF422}.Debug 1.8|.NET.ActiveCfg = Debug|Any CPU
		{0EBC08E0-30D8-4D26-ABF4-0AADFA3AF422}.Debug 1.8|Any CPU.ActiveCfg = Debug|Any CPU
		{0EBC08E0-30D8-4D26-ABF4-0AADFA3AF422}.Debug 1.8|Any CPU.Build.0 = Debug|Any CPU
		{0EBC08E0-30D8-4D26-ABF4-0AADFA3AF422}.Debug 1.8|Mixed Platforms.ActiveCfg = Debug|Any CPU
		{0EBC08E0-30D8-4D26-ABF4-0AADFA3AF422}.Debug 1.8|Mixed Platforms.Build.0 = Debug|Any CPU
		{0EBC08E0-30D8-4D26-ABF4-0AADFA3AF422}.Debug|.NET.ActiveCfg = Debug|Any CPU
		{0EBC08E0-30D8-4D26-ABF4-0AADFA3AF422}.Debug|Any CPU.ActiveCfg = Debug|Any CPU
		{0EBC08E0-30D8-4D26-ABF4-0AADFA3AF422}.Debug|Any CPU.Build.0 = Debug|Any CPU
		{0EBC08E0-30D8-4D26-ABF4-0AADFA3AF422}.Debug|Mixed Platforms.ActiveCfg = Debug|Any CPU
		{0EBC08E0-30D8-4D26-ABF4-0AADFA3AF422}.Debug|Mixed Platforms.Build.0 = Debug|Any CPU
		{0EBC08E0-30D8-4D26-ABF4-0AADFA3AF422}.DebugSnk|.NET.ActiveCfg = Debug|Any CPU
		{0EBC08E0-30D8-4D26-ABF4-0AADFA3AF422}.DebugSnk|Any CPU.ActiveCfg = Debug|Any CPU
		{0EBC08E0-30D8-4D26-ABF4-0AADFA3AF422}.DebugSnk|Any CPU.Build.0 = Debug|Any CPU
		{0EBC08E0-30D8-4D26-ABF4-0AADFA3AF422}.DebugSnk|Mixed Platforms.ActiveCfg = Debug|Any CPU
		{0EBC08E0-30D8-4D26-ABF4-0AADFA3AF422}.DebugSnk|Mixed Platforms.Build.0 = Debug|Any CPU
		{0EBC08E0-30D8-4D26-ABF4-0AADFA3AF422}.Release|.NET.ActiveCfg = Release|Any CPU
		{0EBC08E0-30D8-4D26-ABF4-0AADFA3AF422}.Release|Any CPU.ActiveCfg = Release|Any CPU
		{0EBC08E0-30D8-4D26-ABF4-0AADFA3AF422}.Release|Any CPU.Build.0 = Release|Any CPU
		{0EBC08E0-30D8-4D26-ABF4-0AADFA3AF422}.Release|Mixed Platforms.ActiveCfg = Release|Any CPU
		{0EBC08E0-30D8-4D26-ABF4-0AADFA3AF422}.Release|Mixed Platforms.Build.0 = Release|Any CPU
		{0EBC08E0-30D8-4D26-ABF4-0AADFA3AF422}.ReleaseSnk|.NET.ActiveCfg = Release|Any CPU
		{0EBC08E0-30D8-4D26-ABF4-0AADFA3AF422}.ReleaseSnk|Any CPU.ActiveCfg = Release|Any CPU
		{0EBC08E0-30D8-4D26-ABF4-0AADFA3AF422}.ReleaseSnk|Any CPU.Build.0 = Release|Any CPU
		{0EBC08E0-30D8-4D26-ABF4-0AADFA3AF422}.ReleaseSnk|Mixed Platforms.ActiveCfg = Release|Any CPU
		{0EBC08E0-30D8-4D26-ABF4-0AADFA3AF422}.ReleaseSnk|Mixed Platforms.Build.0 = Release|Any CPU
		{5E2A280D-1F53-44E5-AAA3-6BDBA2B51094}.Debug 1.8|.NET.ActiveCfg = Debug|Any CPU
		{5E2A280D-1F53-44E5-AAA3-6BDBA2B51094}.Debug 1.8|Any CPU.ActiveCfg = Debug|Any CPU
		{5E2A280D-1F53-44E5-AAA3-6BDBA2B51094}.Debug 1.8|Any CPU.Build.0 = Debug|Any CPU
		{5E2A280D-1F53-44E5-AAA3-6BDBA2B51094}.Debug 1.8|Mixed Platforms.ActiveCfg = Debug|Any CPU
		{5E2A280D-1F53-44E5-AAA3-6BDBA2B51094}.Debug 1.8|Mixed Platforms.Build.0 = Debug|Any CPU
		{5E2A280D-1F53-44E5-AAA3-6BDBA2B51094}.Debug|.NET.ActiveCfg = Debug|Any CPU
		{5E2A280D-1F53-44E5-AAA3-6BDBA2B51094}.Debug|Any CPU.ActiveCfg = Debug|Any CPU
		{5E2A280D-1F53-44E5-AAA3-6BDBA2B51094}.Debug|Any CPU.Build.0 = Debug|Any CPU
		{5E2A280D-1F53-44E5-AAA3-6BDBA2B51094}.Debug|Mixed Platforms.ActiveCfg = Debug|Any CPU
		{5E2A280D-1F53-44E5-AAA3-6BDBA2B51094}.Debug|Mixed Platforms.Build.0 = Debug|Any CPU
		{5E2A280D-1F53-44E5-AAA3-6BDBA2B51094}.DebugSnk|.NET.ActiveCfg = Debug|Any CPU
		{5E2A280D-1F53-44E5-AAA3-6BDBA2B51094}.DebugSnk|Any CPU.ActiveCfg = Debug|Any CPU
		{5E2A280D-1F53-44E5-AAA3-6BDBA2B51094}.DebugSnk|Any CPU.Build.0 = Debug|Any CPU
		{5E2A280D-1F53-44E5-AAA3-6BDBA2B51094}.DebugSnk|Mixed Platforms.ActiveCfg = Debug|Any CPU
		{5E2A280D-1F53-44E5-AAA3-6BDBA2B51094}.DebugSnk|Mixed Platforms.Build.0 = Debug|Any CPU
		{5E2A280D-1F53-44E5-AAA3-6BDBA2B51094}.Release|.NET.ActiveCfg = Release|Any CPU
		{5E2A280D-1F53-44E5-AAA3-6BDBA2B51094}.Release|Any CPU.ActiveCfg = Release|Any CPU
		{5E2A280D-1F53-44E5-AAA3-6BDBA2B51094}.Release|Any CPU.Build.0 = Release|Any CPU
		{5E2A280D-1F53-44E5-AAA3-6BDBA2B51094}.Release|Mixed Platforms.ActiveCfg = Release|Any CPU
		{5E2A280D-1F53-44E5-AAA3-6BDBA2B51094}.Release|Mixed Platforms.Build.0 = Release|Any CPU
		{5E2A280D-1F53-44E5-AAA3-6BDBA2B51094}.ReleaseSnk|.NET.ActiveCfg = Release|Any CPU
		{5E2A280D-1F53-44E5-AAA3-6BDBA2B51094}.ReleaseSnk|Any CPU.ActiveCfg = Release|Any CPU
		{5E2A280D-1F53-44E5-AAA3-6BDBA2B51094}.ReleaseSnk|Any CPU.Build.0 = Release|Any CPU
		{5E2A280D-1F53-44E5-AAA3-6BDBA2B51094}.ReleaseSnk|Mixed Platforms.ActiveCfg = Release|Any CPU
		{5E2A280D-1F53-44E5-AAA3-6BDBA2B51094}.ReleaseSnk|Mixed Platforms.Build.0 = Release|Any CPU
		{8AAF9C71-4BCC-4F26-87F1-BBEE31AD6C84}.Debug 1.8|.NET.ActiveCfg = Debug|Any CPU
		{8AAF9C71-4BCC-4F26-87F1-BBEE31AD6C84}.Debug 1.8|Any CPU.ActiveCfg = Debug|Any CPU
		{8AAF9C71-4BCC-4F26-87F1-BBEE31AD6C84}.Debug 1.8|Any CPU.Build.0 = Debug|Any CPU
		{8AAF9C71-4BCC-4F26-87F1-BBEE31AD6C84}.Debug 1.8|Mixed Platforms.ActiveCfg = Debug|Any CPU
		{8AAF9C71-4BCC-4F26-87F1-BBEE31AD6C84}.Debug 1.8|Mixed Platforms.Build.0 = Debug|Any CPU
		{8AAF9C71-4BCC-4F26-87F1-BBEE31AD6C84}.Debug|.NET.ActiveCfg = Debug|Any CPU
		{8AAF9C71-4BCC-4F26-87F1-BBEE31AD6C84}.Debug|Any CPU.ActiveCfg = Debug|Any CPU
		{8AAF9C71-4BCC-4F26-87F1-BBEE31AD6C84}.Debug|Any CPU.Build.0 = Debug|Any CPU
		{8AAF9C71-4BCC-4F26-87F1-BBEE31AD6C84}.Debug|Mixed Platforms.ActiveCfg = Debug|Any CPU
		{8AAF9C71-4BCC-4F26-87F1-BBEE31AD6C84}.Debug|Mixed Platforms.Build.0 = Debug|Any CPU
		{8AAF9C71-4BCC-4F26-87F1-BBEE31AD6C84}.DebugSnk|.NET.ActiveCfg = Debug|Any CPU
		{8AAF9C71-4BCC-4F26-87F1-BBEE31AD6C84}.DebugSnk|Any CPU.ActiveCfg = Debug|Any CPU
		{8AAF9C71-4BCC-4F26-87F1-BBEE31AD6C84}.DebugSnk|Any CPU.Build.0 = Debug|Any CPU
		{8AAF9C71-4BCC-4F26-87F1-BBEE31AD6C84}.DebugSnk|Mixed Platforms.ActiveCfg = Debug|Any CPU
		{8AAF9C71-4BCC-4F26-87F1-BBEE31AD6C84}.DebugSnk|Mixed Platforms.Build.0 = Debug|Any CPU
		{8AAF9C71-4BCC-4F26-87F1-BBEE31AD6C84}.Release|.NET.ActiveCfg = Release|Any CPU
		{8AAF9C71-4BCC-4F26-87F1-BBEE31AD6C84}.Release|Any CPU.ActiveCfg = Release|Any CPU
		{8AAF9C71-4BCC-4F26-87F1-BBEE31AD6C84}.Release|Any CPU.Build.0 = Release|Any CPU
		{8AAF9C71-4BCC-4F26-87F1-BBEE31AD6C84}.Release|Mixed Platforms.ActiveCfg = Release|Any CPU
		{8AAF9C71-4BCC-4F26-87F1-BBEE31AD6C84}.Release|Mixed Platforms.Build.0 = Release|Any CPU
		{8AAF9C71-4BCC-4F26-87F1-BBEE31AD6C84}.ReleaseSnk|.NET.ActiveCfg = Release|Any CPU
		{8AAF9C71-4BCC-4F26-87F1-BBEE31AD6C84}.ReleaseSnk|Any CPU.ActiveCfg = Release|Any CPU
		{8AAF9C71-4BCC-4F26-87F1-BBEE31AD6C84}.ReleaseSnk|Any CPU.Build.0 = Release|Any CPU
		{8AAF9C71-4BCC-4F26-87F1-BBEE31AD6C84}.ReleaseSnk|Mixed Platforms.ActiveCfg = Release|Any CPU
		{8AAF9C71-4BCC-4F26-87F1-BBEE31AD6C84}.ReleaseSnk|Mixed Platforms.Build.0 = Release|Any CPU
		{B1BC3EF8-5EC7-491A-BA83-70CB38F1823F}.Debug 1.8|.NET.ActiveCfg = Debug|Any CPU
		{B1BC3EF8-5EC7-491A-BA83-70CB38F1823F}.Debug 1.8|Any CPU.ActiveCfg = Debug|Any CPU
		{B1BC3EF8-5EC7-491A-BA83-70CB38F1823F}.Debug 1.8|Any CPU.Build.0 = Debug|Any CPU
		{B1BC3EF8-5EC7-491A-BA83-70CB38F1823F}.Debug 1.8|Mixed Platforms.ActiveCfg = Debug|Any CPU
		{B1BC3EF8-5EC7-491A-BA83-70CB38F1823F}.Debug 1.8|Mixed Platforms.Build.0 = Debug|Any CPU
		{B1BC3EF8-5EC7-491A-BA83-70CB38F1823F}.Debug|.NET.ActiveCfg = Debug|Any CPU
		{B1BC3EF8-5EC7-491A-BA83-70CB38F1823F}.Debug|Any CPU.ActiveCfg = Debug|Any CPU
		{B1BC3EF8-5EC7-491A-BA83-70CB38F1823F}.Debug|Any CPU.Build.0 = Debug|Any CPU
		{B1BC3EF8-5EC7-491A-BA83-70CB38F1823F}.Debug|Mixed Platforms.ActiveCfg = Debug|Any CPU
		{B1BC3EF8-5EC7-491A-BA83-70CB38F1823F}.Debug|Mixed Platforms.Build.0 = Debug|Any CPU
		{B1BC3EF8-5EC7-491A-BA83-70CB38F1823F}.DebugSnk|.NET.ActiveCfg = Debug|Any CPU
		{B1BC3EF8-5EC7-491A-BA83-70CB38F1823F}.DebugSnk|Any CPU.ActiveCfg = Debug|Any CPU
		{B1BC3EF8-5EC7-491A-BA83-70CB38F1823F}.DebugSnk|Any CPU.Build.0 = Debug|Any CPU
		{B1BC3EF8-5EC7-491A-BA83-70CB38F1823F}.DebugSnk|Mixed Platforms.ActiveCfg = Debug|Any CPU
		{B1BC3EF8-5EC7-491A-BA83-70CB38F1823F}.DebugSnk|Mixed Platforms.Build.0 = Debug|Any CPU
		{B1BC3EF8-5EC7-491A-BA83-70CB38F1823F}.Release|.NET.ActiveCfg = Release|Any CPU
		{B1BC3EF8-5EC7-491A-BA83-70CB38F1823F}.Release|Any CPU.ActiveCfg = Release|Any CPU
		{B1BC3EF8-5EC7-491A-BA83-70CB38F1823F}.Release|Any CPU.Build.0 = Release|Any CPU
		{B1BC3EF8-5EC7-491A-BA83-70CB38F1823F}.Release|Mixed Platforms.ActiveCfg = Release|Any CPU
		{B1BC3EF8-5EC7-491A-BA83-70CB38F1823F}.Release|Mixed Platforms.Build.0 = Release|Any CPU
		{B1BC3EF8-5EC7-491A-BA83-70CB38F1823F}.ReleaseSnk|.NET.ActiveCfg = Release|Any CPU
		{B1BC3EF8-5EC7-491A-BA83-70CB38F1823F}.ReleaseSnk|Any CPU.ActiveCfg = Release|Any CPU
		{B1BC3EF8-5EC7-491A-BA83-70CB38F1823F}.ReleaseSnk|Any CPU.Build.0 = Release|Any CPU
		{B1BC3EF8-5EC7-491A-BA83-70CB38F1823F}.ReleaseSnk|Mixed Platforms.ActiveCfg = Release|Any CPU
		{B1BC3EF8-5EC7-491A-BA83-70CB38F1823F}.ReleaseSnk|Mixed Platforms.Build.0 = Release|Any CPU
		{911D5CE3-3585-46E3-96B0-AA614DF2C49E}.Debug 1.8|.NET.ActiveCfg = Debug|Any CPU
		{911D5CE3-3585-46E3-96B0-AA614DF2C49E}.Debug 1.8|Any CPU.ActiveCfg = Debug|Any CPU
		{911D5CE3-3585-46E3-96B0-AA614DF2C49E}.Debug 1.8|Any CPU.Build.0 = Debug|Any CPU
		{911D5CE3-3585-46E3-96B0-AA614DF2C49E}.Debug 1.8|Mixed Platforms.ActiveCfg = Debug|Any CPU
		{911D5CE3-3585-46E3-96B0-AA614DF2C49E}.Debug 1.8|Mixed Platforms.Build.0 = Debug|Any CPU
		{911D5CE3-3585-46E3-96B0-AA614DF2C49E}.Debug|.NET.ActiveCfg = Debug|Any CPU
		{911D5CE3-3585-46E3-96B0-AA614DF2C49E}.Debug|Any CPU.ActiveCfg = Debug|Any CPU
		{911D5CE3-3585-46E3-96B0-AA614DF2C49E}.Debug|Any CPU.Build.0 = Debug|Any CPU
		{911D5CE3-3585-46E3-96B0-AA614DF2C49E}.Debug|Mixed Platforms.ActiveCfg = Debug|Any CPU
		{911D5CE3-3585-46E3-96B0-AA614DF2C49E}.Debug|Mixed Platforms.Build.0 = Debug|Any CPU
		{911D5CE3-3585-46E3-96B0-AA614DF2C49E}.DebugSnk|.NET.ActiveCfg = Debug|Any CPU
		{911D5CE3-3585-46E3-96B0-AA614DF2C49E}.DebugSnk|Any CPU.ActiveCfg = Debug|Any CPU
		{911D5CE3-3585-46E3-96B0-AA614DF2C49E}.DebugSnk|Any CPU.Build.0 = Debug|Any CPU
		{911D5CE3-3585-46E3-96B0-AA614DF2C49E}.DebugSnk|Mixed Platforms.ActiveCfg = Debug|Any CPU
		{911D5CE3-3585-46E3-96B0-AA614DF2C49E}.DebugSnk|Mixed Platforms.Build.0 = Debug|Any CPU
		{911D5CE3-3585-46E3-96B0-AA614DF2C49E}.Release|.NET.ActiveCfg = Release|Any CPU
		{911D5CE3-3585-46E3-96B0-AA614DF2C49E}.Release|Any CPU.ActiveCfg = Release|Any CPU
		{911D5CE3-3585-46E3-96B0-AA614DF2C49E}.Release|Any CPU.Build.0 = Release|Any CPU
		{911D5CE3-3585-46E3-96B0-AA614DF2C49E}.Release|Mixed Platforms.ActiveCfg = Release|Any CPU
		{911D5CE3-3585-46E3-96B0-AA614DF2C49E}.Release|Mixed Platforms.Build.0 = Release|Any CPU
		{911D5CE3-3585-46E3-96B0-AA614DF2C49E}.ReleaseSnk|.NET.ActiveCfg = Release|Any CPU
		{911D5CE3-3585-46E3-96B0-AA614DF2C49E}.ReleaseSnk|Any CPU.ActiveCfg = Release|Any CPU
		{911D5CE3-3585-46E3-96B0-AA614DF2C49E}.ReleaseSnk|Any CPU.Build.0 = Release|Any CPU
		{911D5CE3-3585-46E3-96B0-AA614DF2C49E}.ReleaseSnk|Mixed Platforms.ActiveCfg = Release|Any CPU
		{911D5CE3-3585-46E3-96B0-AA614DF2C49E}.ReleaseSnk|Mixed Platforms.Build.0 = Release|Any CPU
		{911D5CE3-3585-46E3-96B0-AA614DF2C49E}.Debug 1.8|.NET.Build.0 = Debug 1.8|.NET
		{911D5CE3-3585-46E3-96B0-AA614DF2C49E}.Debug|.NET.Build.0 = Debug|.NET
		{911D5CE3-3585-46E3-96B0-AA614DF2C49E}.DebugSnk|.NET.Build.0 = DebugSnk|.NET
		{911D5CE3-3585-46E3-96B0-AA614DF2C49E}.Release|.NET.Build.0 = Release|.NET
		{911D5CE3-3585-46E3-96B0-AA614DF2C49E}.ReleaseSnk|.NET.Build.0 = ReleaseSnk|.NET
		{B1BC3EF8-5EC7-491A-BA83-70CB38F1823F}.Debug 1.8|.NET.Build.0 = Debug 1.8|.NET
		{B1BC3EF8-5EC7-491A-BA83-70CB38F1823F}.Debug|.NET.Build.0 = Debug|.NET
		{B1BC3EF8-5EC7-491A-BA83-70CB38F1823F}.DebugSnk|.NET.Build.0 = DebugSnk|.NET
		{B1BC3EF8-5EC7-491A-BA83-70CB38F1823F}.Release|.NET.Build.0 = Release|.NET
		{B1BC3EF8-5EC7-491A-BA83-70CB38F1823F}.ReleaseSnk|.NET.Build.0 = ReleaseSnk|.NET
		{8AAF9C71-4BCC-4F26-87F1-BBEE31AD6C84}.Debug 1.8|.NET.Build.0 = Debug 1.8|.NET
		{8AAF9C71-4BCC-4F26-87F1-BBEE31AD6C84}.Debug|.NET.Build.0 = Debug|.NET
		{8AAF9C71-4BCC-4F26-87F1-BBEE31AD6C84}.DebugSnk|.NET.Build.0 = DebugSnk|.NET
		{8AAF9C71-4BCC-4F26-87F1-BBEE31AD6C84}.Release|.NET.Build.0 = Release|.NET
		{8AAF9C71-4BCC-4F26-87F1-BBEE31AD6C84}.ReleaseSnk|.NET.Build.0 = ReleaseSnk|.NET
		{5E2A280D-1F53-44E5-AAA3-6BDBA2B51094}.Debug 1.8|.NET.Build.0 = Debug 1.8|.NET
		{5E2A280D-1F53-44E5-AAA3-6BDBA2B51094}.Debug|.NET.Build.0 = Debug|.NET
		{5E2A280D-1F53-44E5-AAA3-6BDBA2B51094}.DebugSnk|.NET.Build.0 = DebugSnk|.NET
		{5E2A280D-1F53-44E5-AAA3-6BDBA2B51094}.Release|.NET.Build.0 = Release|.NET
		{5E2A280D-1F53-44E5-AAA3-6BDBA2B51094}.ReleaseSnk|.NET.Build.0 = ReleaseSnk|.NET
		{0EBC08E0-30D8-4D26-ABF4-0AADFA3AF422}.Debug 1.8|.NET.Build.0 = Debug 1.8|.NET
		{0EBC08E0-30D8-4D26-ABF4-0AADFA3AF422}.Debug|.NET.Build.0 = Debug|.NET
		{0EBC08E0-30D8-4D26-ABF4-0AADFA3AF422}.DebugSnk|.NET.Build.0 = DebugSnk|.NET
		{0EBC08E0-30D8-4D26-ABF4-0AADFA3AF422}.Release|.NET.Build.0 = Release|.NET
		{0EBC08E0-30D8-4D26-ABF4-0AADFA3AF422}.ReleaseSnk|.NET.Build.0 = ReleaseSnk|.NET
		{B28433E8-BBA2-4CB5-A7A2-10AE6AEDDFB7}.Debug 1.8|.NET.Build.0 = Debug 1.8|.NET
		{B28433E8-BBA2-4CB5-A7A2-10AE6AEDDFB7}.Debug|.NET.Build.0 = Debug|.NET
		{B28433E8-BBA2-4CB5-A7A2-10AE6AEDDFB7}.DebugSnk|.NET.Build.0 = DebugSnk|.NET
		{B28433E8-BBA2-4CB5-A7A2-10AE6AEDDFB7}.Release|.NET.Build.0 = Release|.NET
		{B28433E8-BBA2-4CB5-A7A2-10AE6AEDDFB7}.ReleaseSnk|.NET.Build.0 = ReleaseSnk|.NET
	EndGlobalSection
	GlobalSection(SolutionProperties) = preSolution
		HideSolutionNode = FALSE
	EndGlobalSection
EndGlobal
